{
  "version": 4,
  "terraform_version": "0.12.19",
  "serial": 286,
  "lineage": "ac064afa-aadb-7a0d-0e02-8f76ce24a45d",
  "outputs": {
    "config-map": {
      "value": "\napiVersion: v1\nkind: ConfigMap\nmetadata:\n  name: aws-auth\n  namespace: kube-system\ndata:\n  mapRoles: |\n    - rolearn: arn:aws:iam::060948813048:role/my-cluster-eks-node-role\n      username: system:node:{{EC2PrivateDNSName}}\n      groups:\n        - system:bootstrappers\n        - system:nodes\n",
      "type": "string"
    },
    "kubeconfig": {
      "value": "\napiVersion: v1\nclusters:\n- cluster:\n    server: https://7CD613151802424832BB7CFA781DC969.sk1.eu-west-1.eks.amazonaws.com\n    certificate-authority-data: LS0tLS1CRUdJTiBDRVJUSUZJQ0FURS0tLS0tCk1JSUN5RENDQWJDZ0F3SUJBZ0lCQURBTkJna3Foa2lHOXcwQkFRc0ZBREFWTVJNd0VRWURWUVFERXdwcmRXSmwKY201bGRHVnpNQjRYRFRJd01ERXhNakEyTVRVMU0xb1hEVE13TURFd09UQTJNVFUxTTFvd0ZURVRNQkVHQTFVRQpBeE1LYTNWaVpYSnVaWFJsY3pDQ0FTSXdEUVlKS29aSWh2Y05BUUVCQlFBRGdnRVBBRENDQVFvQ2dnRUJBTUM1CjdjUE1xcU0vc0lLcGhEZVBBOVhGSHNkQXlBZWl6U3o3ZjdBWVpBajg5a3JTMnhIa2VSRXZGd0cxb052c2JmZ2YKNEJCbFlHb1IrU0hNcTJPVk82TU9ONmMrcVZTcVFabW9DSWNzdzM1WFFKVVR4STBVaU95U09kSisyMmZwS3VPUgo1empQMks1S05lWS9CcnprUnlGeHE5Zks3SVZ5TjhUL201QW0xVjYvRE1DMjQyaG5XempTZnBIN3Z2MnhRcXBECjhML1JtWmZFT0FIcW01c3A1NjBYcGZqOW1UcEJTUUlmL3ZJaWFBWTdOK1pRb3owaHdqUU9zSXdyODRnRDYxTDAKMi9oTEpKUzZEYkJ1UWUyTmZGaWFkSXdYZitKMWo5WEJOOUtxWllqYVVCQ1NVZllQaEg1THlvSFBjcTBJaEJ6VgpFUnZsQk02eWg1YXoyWVN2UHpVQ0F3RUFBYU1qTUNFd0RnWURWUjBQQVFIL0JBUURBZ0trTUE4R0ExVWRFd0VCCi93UUZNQU1CQWY4d0RRWUpLb1pJaHZjTkFRRUxCUUFEZ2dFQkFHTlhCWlZNcVprY1EwREgwNDNZVUowZlVNd1YKOTdNMlp1ajFwdUJoODY1T1N6RVpWSjNMbTNUWjdQK09zTWNpelFhTG1MVTZEM2V5eDlzSmc2WUhWUi9KM09hUQpJYkl1bHNtRTBENVJKazlVelk1NTV2TlYxcFVQRjA5dE5zcXl0c1pOSlJQcUs0dU9rWndKS0crM3lRQTZvRGl1CjZrK2RXT05VTzRwMzU5V3p2V25XNFlBSlg4R3VvbDd2cWJZN1pnZExwNlMyUTMvdUs5eElNMmRldmMwUldOUEgKUHUwNGlSME1wNmhwc0JBVzM2dzRuR0NrQStYU0VMc05Rd3VCdVhIU2Zna1oyT3p5OHVkbFh2alVzR2xSU2MzZApLT0dzdm9VWXhmTDJwbC8vZmtOOTgwSzIrZ2dVZ3VHbXdWUUs0bDBIWXlod25tdEQ1b1ZHU2Roejd0OD0KLS0tLS1FTkQgQ0VSVElGSUNBVEUtLS0tLQo=\n  name: my-cluster\ncontexts:\n- context:\n    cluster: my-cluster\n    user: my-cluster\n  name: my-cluster\ncurrent-context: my-cluster\nkind: Config\npreferences: {}\nusers:\n- name: my-cluster\n  user:\n    exec:\n      apiVersion: client.authentication.k8s.io/v1alpha1\n      command: aws-iam-authenticator\n      args:\n        - \"token\"\n        - \"-i\"\n        - \"my-cluster\"\n",
      "type": "string"
    },
    "privateips": {
      "value": [
        "34.243.109.71",
        "34.250.96.42",
        "34.243.230.237",
        "54.171.133.160"
      ],
      "type": [
        "list",
        "string"
      ]
    },
    "publicips": {
      "value": [
        "52.213.5.105"
      ],
      "type": [
        "list",
        "string"
      ]
    }
  },
  "resources": [
    {
      "module": "module.eks.module.eks",
      "mode": "data",
      "type": "aws_ami",
      "name": "bastion",
      "provider": "module.eks.module.eks.provider.aws",
      "instances": [
        {
          "schema_version": 0,
          "attributes": {
            "architecture": "x86_64",
            "block_device_mappings": [
              {
                "device_name": "/dev/xvda",
                "ebs": {
                  "delete_on_termination": "true",
                  "encrypted": "false",
                  "iops": "0",
                  "snapshot_id": "snap-076d6411dfd48af94",
                  "volume_size": "8",
                  "volume_type": "gp2"
                },
                "no_device": "",
                "virtual_name": ""
              }
            ],
            "creation_date": "2019-12-18T01:33:13.000Z",
            "description": "Amazon Linux 2 AMI 2.0.20191217.0 x86_64 HVM gp2",
            "executable_users": null,
            "filter": [
              {
                "name": "name",
                "values": [
                  "amzn2-ami-hvm-*-x86_64-gp2"
                ]
              }
            ],
            "hypervisor": "xen",
            "id": "ami-0713f98de93617bb4",
            "image_id": "ami-0713f98de93617bb4",
            "image_location": "amazon/amzn2-ami-hvm-2.0.20191217.0-x86_64-gp2",
            "image_owner_alias": "amazon",
            "image_type": "machine",
            "kernel_id": null,
            "most_recent": true,
            "name": "amzn2-ami-hvm-2.0.20191217.0-x86_64-gp2",
            "name_regex": null,
            "owner_id": "137112412989",
            "owners": [
              "137112412989"
            ],
            "platform": null,
            "product_codes": [],
            "public": true,
            "ramdisk_id": null,
            "root_device_name": "/dev/xvda",
            "root_device_type": "ebs",
            "root_snapshot_id": "snap-076d6411dfd48af94",
            "sriov_net_support": "simple",
            "state": "available",
            "state_reason": {
              "code": "UNSET",
              "message": "UNSET"
            },
            "tags": {},
            "virtualization_type": "hvm"
          }
        }
      ]
    },
    {
      "module": "module.eks.module.eks",
      "mode": "data",
      "type": "aws_ami",
      "name": "eks-worker-ami",
      "provider": "module.eks.module.eks.provider.aws",
      "instances": [
        {
          "schema_version": 0,
          "attributes": {
            "architecture": "x86_64",
            "block_device_mappings": [
              {
                "device_name": "/dev/xvda",
                "ebs": {
                  "delete_on_termination": "true",
                  "encrypted": "false",
                  "iops": "0",
                  "snapshot_id": "snap-09c8b657a00002361",
                  "volume_size": "20",
                  "volume_type": "gp2"
                },
                "no_device": "",
                "virtual_name": ""
              }
            ],
            "creation_date": "2019-12-13T08:27:12.000Z",
            "description": "EKS Kubernetes Worker AMI with AmazonLinux2 image, (k8s: 1.14.8, docker:18.09.9ce-2.amzn2)",
            "executable_users": null,
            "filter": [
              {
                "name": "name",
                "values": [
                  "amazon-eks-node-1.14-*"
                ]
              }
            ],
            "hypervisor": "xen",
            "id": "ami-0b9d2c11b47bd8264",
            "image_id": "ami-0b9d2c11b47bd8264",
            "image_location": "amazon/amazon-eks-node-1.14-v20191213",
            "image_owner_alias": "amazon",
            "image_type": "machine",
            "kernel_id": null,
            "most_recent": true,
            "name": "amazon-eks-node-1.14-v20191213",
            "name_regex": null,
            "owner_id": "602401143452",
            "owners": [
              "602401143452"
            ],
            "platform": null,
            "product_codes": [],
            "public": true,
            "ramdisk_id": null,
            "root_device_name": "/dev/xvda",
            "root_device_type": "ebs",
            "root_snapshot_id": "snap-09c8b657a00002361",
            "sriov_net_support": "simple",
            "state": "available",
            "state_reason": {
              "code": "UNSET",
              "message": "UNSET"
            },
            "tags": {},
            "virtualization_type": "hvm"
          }
        }
      ]
    },
    {
      "module": "module.eks.module.eks",
      "mode": "data",
      "type": "aws_instances",
      "name": "bastion",
      "provider": "module.eks.module.eks.provider.aws",
      "instances": [
        {
          "schema_version": 0,
          "attributes": {
            "filter": [
              {
                "name": "instance.group-id",
                "values": [
                  "sg-0631ae54bf605201e"
                ]
              }
            ],
            "id": "terraform-20200113055823934800000001",
            "ids": [
              "i-0dc796da94afe9993"
            ],
            "instance_state_names": null,
            "instance_tags": null,
            "private_ips": [
              "10.0.155.173"
            ],
            "public_ips": [
              "52.213.5.105"
            ]
          }
        }
      ]
    },
    {
      "module": "module.eks.module.eks",
      "mode": "data",
      "type": "aws_instances",
      "name": "priworker",
      "provider": "module.eks.module.eks.provider.aws",
      "instances": [
        {
          "schema_version": 0,
          "attributes": {
            "filter": [
              {
                "name": "instance.group-id",
                "values": [
                  "sg-0b8daa9029c658d1f"
                ]
              }
            ],
            "id": "terraform-20200113055823958700000002",
            "ids": [
              "i-030aff799437633c6",
              "i-021378d7becd383d7",
              "i-0f934272852a784d3",
              "i-02a100544e6056298",
              "i-07a3e21fb82fb1285"
            ],
            "instance_state_names": null,
            "instance_tags": null,
            "private_ips": [
              "10.0.162.127",
              "10.0.142.70",
              "10.0.151.10",
              "10.0.41.200",
              "10.0.145.96"
            ],
            "public_ips": [
              "34.243.109.71",
              "34.250.96.42",
              "34.243.230.237",
              "54.171.133.160"
            ]
          }
        }
      ]
    },
    {
      "module": "module.eks.module.eks",
      "mode": "data",
      "type": "aws_security_group",
      "name": "bastion",
      "provider": "module.eks.module.eks.provider.aws",
      "instances": [
        {
          "schema_version": 0,
          "attributes": {
            "arn": "arn:aws:ec2:eu-west-1:060948813048:security-group/sg-0631ae54bf605201e",
            "description": "Security group which is to allow SSH from Bastion",
            "filter": null,
            "id": "sg-0631ae54bf605201e",
            "name": "ssh-sg-20200112060825258300000006",
            "tags": {
              "Name": "ssh-sg"
            },
            "vpc_id": "vpc-078c29fedcea3f071"
          }
        }
      ]
    },
    {
      "module": "module.eks.module.eks",
      "mode": "data",
      "type": "aws_security_group",
      "name": "cluster",
      "provider": "module.eks.module.eks.provider.aws",
      "instances": [
        {
          "schema_version": 0,
          "attributes": {
            "arn": "arn:aws:ec2:eu-west-1:060948813048:security-group/sg-007a47fc8ffd7a5a4",
            "description": "EKS node security groups",
            "filter": null,
            "id": "sg-007a47fc8ffd7a5a4",
            "name": "cluster-sg-20200112060825258300000008",
            "tags": {
              "Name": "cluster-sg",
              "sre_candidate": "tochukwu.nwoko"
            },
            "vpc_id": "vpc-078c29fedcea3f071"
          }
        }
      ]
    },
    {
      "module": "module.eks.module.eks",
      "mode": "data",
      "type": "aws_security_group",
      "name": "node",
      "provider": "module.eks.module.eks.provider.aws",
      "instances": [
        {
          "schema_version": 0,
          "attributes": {
            "arn": "arn:aws:ec2:eu-west-1:060948813048:security-group/sg-0b8daa9029c658d1f",
            "description": "EKS node security groups",
            "filter": null,
            "id": "sg-0b8daa9029c658d1f",
            "name": "node-sg-20200112060825258300000007",
            "tags": {
              "Name": "node-sg",
              "kubernetes.io/cluster/my-cluster": "owned",
              "sre_candidate": "tochukwu.nwoko"
            },
            "vpc_id": "vpc-078c29fedcea3f071"
          }
        }
      ]
    },
    {
      "module": "module.eks.module.eks",
      "mode": "data",
      "type": "aws_subnet_ids",
      "name": "private",
      "provider": "module.eks.module.eks.provider.aws",
      "instances": [
        {
          "schema_version": 0,
          "attributes": {
            "filter": null,
            "id": "vpc-078c29fedcea3f071",
            "ids": [
              "subnet-0baea8eb7f5d37d5d",
              "subnet-0c696af793062237a",
              "subnet-0e299d7e09c50065f"
            ],
            "tags": {
              "Name": "my-cluster-eks-private"
            },
            "vpc_id": "vpc-078c29fedcea3f071"
          }
        }
      ]
    },
    {
      "module": "module.eks.module.eks",
      "mode": "data",
      "type": "aws_subnet_ids",
      "name": "public",
      "provider": "module.eks.module.eks.provider.aws",
      "instances": [
        {
          "schema_version": 0,
          "attributes": {
            "filter": null,
            "id": "vpc-078c29fedcea3f071",
            "ids": [
              "subnet-0024412d4906323fd",
              "subnet-0c804e5973013f42f",
              "subnet-0f4289557786fe922"
            ],
            "tags": {
              "Name": "my-cluster-eks-public"
            },
            "vpc_id": "vpc-078c29fedcea3f071"
          }
        }
      ]
    },
    {
      "module": "module.eks.module.eks",
      "mode": "data",
      "type": "aws_vpc",
      "name": "eks",
      "provider": "module.eks.module.eks.provider.aws",
      "instances": [
        {
          "schema_version": 0,
          "attributes": {
            "arn": "arn:aws:ec2:eu-west-1:060948813048:vpc/vpc-078c29fedcea3f071",
            "cidr_block": "10.0.0.0/16",
            "cidr_block_associations": [
              {
                "association_id": "vpc-cidr-assoc-0d205ef2abecffc92",
                "cidr_block": "10.0.0.0/16",
                "state": "associated"
              }
            ],
            "default": false,
            "dhcp_options_id": "dopt-88cd96ed",
            "enable_dns_hostnames": true,
            "enable_dns_support": true,
            "filter": null,
            "id": "vpc-078c29fedcea3f071",
            "instance_tenancy": "default",
            "ipv6_association_id": null,
            "ipv6_cidr_block": null,
            "main_route_table_id": "rtb-02bffa441a82fd709",
            "owner_id": "060948813048",
            "state": "available",
            "tags": {
              "Name": "my-cluster-vpc",
              "kubernetes.io/cluster/my-cluster": "shared",
              "sre_candidate": "tochukwu.nwoko"
            }
          }
        }
      ]
    },
    {
      "module": "module.eks.module.eks.module.vpc",
      "mode": "data",
      "type": "aws_vpc_endpoint_service",
      "name": "apigw",
      "each": "list",
      "provider": "module.eks.module.eks.provider.aws",
      "instances": []
    },
    {
      "module": "module.eks.module.eks.module.vpc",
      "mode": "data",
      "type": "aws_vpc_endpoint_service",
      "name": "cloudtrail",
      "each": "list",
      "provider": "module.eks.module.eks.provider.aws",
      "instances": []
    },
    {
      "module": "module.eks.module.eks.module.vpc",
      "mode": "data",
      "type": "aws_vpc_endpoint_service",
      "name": "dynamodb",
      "each": "list",
      "provider": "module.eks.module.eks.provider.aws",
      "instances": []
    },
    {
      "module": "module.eks.module.eks.module.vpc",
      "mode": "data",
      "type": "aws_vpc_endpoint_service",
      "name": "ec2",
      "each": "list",
      "provider": "module.eks.module.eks.provider.aws",
      "instances": []
    },
    {
      "module": "module.eks.module.eks.module.vpc",
      "mode": "data",
      "type": "aws_vpc_endpoint_service",
      "name": "ec2messages",
      "each": "list",
      "provider": "module.eks.module.eks.provider.aws",
      "instances": []
    },
    {
      "module": "module.eks.module.eks.module.vpc",
      "mode": "data",
      "type": "aws_vpc_endpoint_service",
      "name": "ecr_api",
      "each": "list",
      "provider": "module.eks.module.eks.provider.aws",
      "instances": []
    },
    {
      "module": "module.eks.module.eks.module.vpc",
      "mode": "data",
      "type": "aws_vpc_endpoint_service",
      "name": "ecr_dkr",
      "each": "list",
      "provider": "module.eks.module.eks.provider.aws",
      "instances": []
    },
    {
      "module": "module.eks.module.eks.module.vpc",
      "mode": "data",
      "type": "aws_vpc_endpoint_service",
      "name": "ecs",
      "each": "list",
      "provider": "module.eks.module.eks.provider.aws",
      "instances": []
    },
    {
      "module": "module.eks.module.eks.module.vpc",
      "mode": "data",
      "type": "aws_vpc_endpoint_service",
      "name": "ecs_agent",
      "each": "list",
      "provider": "module.eks.module.eks.provider.aws",
      "instances": []
    },
    {
      "module": "module.eks.module.eks.module.vpc",
      "mode": "data",
      "type": "aws_vpc_endpoint_service",
      "name": "ecs_telemetry",
      "each": "list",
      "provider": "module.eks.module.eks.provider.aws",
      "instances": []
    },
    {
      "module": "module.eks.module.eks.module.vpc",
      "mode": "data",
      "type": "aws_vpc_endpoint_service",
      "name": "elasticloadbalancing",
      "each": "list",
      "provider": "module.eks.module.eks.provider.aws",
      "instances": []
    },
    {
      "module": "module.eks.module.eks.module.vpc",
      "mode": "data",
      "type": "aws_vpc_endpoint_service",
      "name": "events",
      "each": "list",
      "provider": "module.eks.module.eks.provider.aws",
      "instances": []
    },
    {
      "module": "module.eks.module.eks.module.vpc",
      "mode": "data",
      "type": "aws_vpc_endpoint_service",
      "name": "kms",
      "each": "list",
      "provider": "module.eks.module.eks.provider.aws",
      "instances": []
    },
    {
      "module": "module.eks.module.eks.module.vpc",
      "mode": "data",
      "type": "aws_vpc_endpoint_service",
      "name": "logs",
      "each": "list",
      "provider": "module.eks.module.eks.provider.aws",
      "instances": []
    },
    {
      "module": "module.eks.module.eks.module.vpc",
      "mode": "data",
      "type": "aws_vpc_endpoint_service",
      "name": "monitoring",
      "each": "list",
      "provider": "module.eks.module.eks.provider.aws",
      "instances": []
    },
    {
      "module": "module.eks.module.eks.module.vpc",
      "mode": "data",
      "type": "aws_vpc_endpoint_service",
      "name": "s3",
      "each": "list",
      "provider": "module.eks.module.eks.provider.aws",
      "instances": []
    },
    {
      "module": "module.eks.module.eks.module.vpc",
      "mode": "data",
      "type": "aws_vpc_endpoint_service",
      "name": "sns",
      "each": "list",
      "provider": "module.eks.module.eks.provider.aws",
      "instances": []
    },
    {
      "module": "module.eks.module.eks.module.vpc",
      "mode": "data",
      "type": "aws_vpc_endpoint_service",
      "name": "sqs",
      "each": "list",
      "provider": "module.eks.module.eks.provider.aws",
      "instances": []
    },
    {
      "module": "module.eks.module.eks.module.vpc",
      "mode": "data",
      "type": "aws_vpc_endpoint_service",
      "name": "ssm",
      "each": "list",
      "provider": "module.eks.module.eks.provider.aws",
      "instances": []
    },
    {
      "module": "module.eks.module.eks.module.vpc",
      "mode": "data",
      "type": "aws_vpc_endpoint_service",
      "name": "ssmmessages",
      "each": "list",
      "provider": "module.eks.module.eks.provider.aws",
      "instances": []
    },
    {
      "module": "module.eks.module.eks",
      "mode": "data",
      "type": "http",
      "name": "workstation-external-ip",
      "provider": "module.eks.module.eks.provider.http",
      "instances": [
        {
          "schema_version": 0,
          "attributes": {
            "body": "197.210.64.235\n",
            "id": "2020-01-13 05:58:08.784921 +0000 UTC",
            "request_headers": null,
            "url": "http://icanhazip.com"
          }
        }
      ]
    },
    {
      "module": "module.eks.module.eks",
      "mode": "managed",
      "type": "aws_autoscaling_group",
      "name": "eks-cluster-worker-nodes-spot",
      "provider": "module.eks.module.eks.provider.aws",
      "instances": [
        {
          "schema_version": 0,
          "attributes": {
            "arn": "arn:aws:autoscaling:eu-west-1:060948813048:autoScalingGroup:84d03cb6-61cf-4150-9658-cbcbfb5100e4:autoScalingGroupName/my-cluster",
            "availability_zones": [
              "eu-west-1a",
              "eu-west-1b",
              "eu-west-1c"
            ],
            "default_cooldown": 300,
            "desired_capacity": 2,
            "enabled_metrics": [],
            "force_delete": false,
            "health_check_grace_period": 300,
            "health_check_type": "EC2",
            "id": "my-cluster",
            "initial_lifecycle_hook": [],
            "launch_configuration": "terraform-eks-demo20200112111745674000000001",
            "launch_template": [],
            "load_balancers": [],
            "max_instance_lifetime": 0,
            "max_size": 4,
            "metrics_granularity": "1Minute",
            "min_elb_capacity": null,
            "min_size": 2,
            "mixed_instances_policy": [],
            "name": "my-cluster",
            "name_prefix": null,
            "placement_group": "",
            "protect_from_scale_in": false,
            "service_linked_role_arn": "arn:aws:iam::060948813048:role/aws-service-role/autoscaling.amazonaws.com/AWSServiceRoleForAutoScaling",
            "suspended_processes": [],
            "tag": [],
            "tags": [
              {
                "key": "kubernetes.io/cluster/my-cluster",
                "propagate_at_launch": "true",
                "value": "owned"
              },
              {
                "key": "k8s.io/cluster-autoscaler/my-cluster",
                "propagate_at_launch": "true",
                "value": "owned"
              },
              {
                "key": "k8s.io/cluster-autoscaler/enabled",
                "propagate_at_launch": "true",
                "value": "true"
              }
            ],
            "target_group_arns": [],
            "termination_policies": [],
            "timeouts": null,
            "vpc_zone_identifier": [
              "subnet-0024412d4906323fd",
              "subnet-0c804e5973013f42f",
              "subnet-0f4289557786fe922"
            ],
            "wait_for_capacity_timeout": "10m",
            "wait_for_elb_capacity": null
          },
          "private": "eyJlMmJmYjczMC1lY2FhLTExZTYtOGY4OC0zNDM2M2JjN2M0YzAiOnsiZGVsZXRlIjo2MDAwMDAwMDAwMDB9fQ==",
          "dependencies": [
            "module.eks.module.eks.aws_launch_configuration.demo"
          ]
        }
      ]
    },
    {
      "module": "module.eks.module.eks.module.public-eks-nodes-asg",
      "mode": "managed",
      "type": "aws_autoscaling_group",
      "name": "this",
      "each": "list",
      "provider": "module.eks.module.eks.provider.aws",
      "instances": [
        {
          "index_key": 0,
          "schema_version": 0,
          "attributes": {
            "arn": "arn:aws:autoscaling:eu-west-1:060948813048:autoScalingGroup:719501f7-a7d7-4e19-8329-6ea34d18caf6:autoScalingGroupName/my-cluster-node-public-engaged-crawdad-2020011206190081270000000e",
            "availability_zones": [
              "eu-west-1a",
              "eu-west-1b",
              "eu-west-1c"
            ],
            "default_cooldown": 300,
            "desired_capacity": 2,
            "enabled_metrics": [
              "GroupDesiredCapacity",
              "GroupInServiceInstances",
              "GroupMaxSize",
              "GroupMinSize",
              "GroupPendingInstances",
              "GroupStandbyInstances",
              "GroupTerminatingInstances",
              "GroupTotalInstances"
            ],
            "force_delete": false,
            "health_check_grace_period": 300,
            "health_check_type": "EC2",
            "id": "my-cluster-node-public-engaged-crawdad-2020011206190081270000000e",
            "initial_lifecycle_hook": [],
            "launch_configuration": "my-cluster-node-public-lc-2020011206185774780000000b",
            "launch_template": [],
            "load_balancers": [],
            "max_instance_lifetime": 0,
            "max_size": 4,
            "metrics_granularity": "1Minute",
            "min_elb_capacity": 0,
            "min_size": 2,
            "mixed_instances_policy": [],
            "name": "my-cluster-node-public-engaged-crawdad-2020011206190081270000000e",
            "name_prefix": "my-cluster-node-public-engaged-crawdad-",
            "placement_group": "",
            "protect_from_scale_in": false,
            "service_linked_role_arn": "arn:aws:iam::060948813048:role/aws-service-role/autoscaling.amazonaws.com/AWSServiceRoleForAutoScaling",
            "suspended_processes": [],
            "tag": [],
            "tags": [
              {
                "key": "Name",
                "propagate_at_launch": "true",
                "value": "public-eks-nodes-asg"
              },
              {
                "key": "kubernetes.io/cluster/my-cluster",
                "propagate_at_launch": "true",
                "value": "owned"
              },
              {
                "key": "k8s.io/cluster-autoscaler/my-cluster",
                "propagate_at_launch": "true",
                "value": "owned"
              },
              {
                "key": "k8s.io/cluster-autoscaler/enabled",
                "propagate_at_launch": "true",
                "value": "true"
              }
            ],
            "target_group_arns": [],
            "termination_policies": [
              "Default"
            ],
            "timeouts": null,
            "vpc_zone_identifier": [
              "subnet-0024412d4906323fd",
              "subnet-0c804e5973013f42f",
              "subnet-0f4289557786fe922"
            ],
            "wait_for_capacity_timeout": "0",
            "wait_for_elb_capacity": null
          },
          "private": "eyJlMmJmYjczMC1lY2FhLTExZTYtOGY4OC0zNDM2M2JjN2M0YzAiOnsiZGVsZXRlIjo2MDAwMDAwMDAwMDB9fQ==",
          "dependencies": [
            "module.eks.module.eks.module.public-eks-nodes-asg.aws_launch_configuration.this",
            "module.eks.module.eks.module.public-eks-nodes-asg.null_resource.tags_as_list_of_maps",
            "module.eks.module.eks.module.public-eks-nodes-asg.random_pet.asg_name"
          ]
        }
      ]
    },
    {
      "module": "module.eks.module.eks.module.eks-nodes-asg",
      "mode": "managed",
      "type": "aws_autoscaling_group",
      "name": "this",
      "each": "list",
      "provider": "module.eks.module.eks.provider.aws",
      "instances": [
        {
          "index_key": 0,
          "schema_version": 0,
          "attributes": {
            "arn": "arn:aws:autoscaling:eu-west-1:060948813048:autoScalingGroup:d8b0941b-833c-49fd-8fa4-c8dc327de5c4:autoScalingGroupName/my-cluster-node-assured-walrus-2020011206190080570000000d",
            "availability_zones": [
              "eu-west-1a",
              "eu-west-1b",
              "eu-west-1c"
            ],
            "default_cooldown": 300,
            "desired_capacity": 3,
            "enabled_metrics": [
              "GroupDesiredCapacity",
              "GroupInServiceInstances",
              "GroupMaxSize",
              "GroupMinSize",
              "GroupPendingInstances",
              "GroupStandbyInstances",
              "GroupTerminatingInstances",
              "GroupTotalInstances"
            ],
            "force_delete": false,
            "health_check_grace_period": 300,
            "health_check_type": "EC2",
            "id": "my-cluster-node-assured-walrus-2020011206190080570000000d",
            "initial_lifecycle_hook": [],
            "launch_configuration": "my-cluster-node-lc-2020011206185775080000000c",
            "launch_template": [],
            "load_balancers": [],
            "max_instance_lifetime": 0,
            "max_size": 5,
            "metrics_granularity": "1Minute",
            "min_elb_capacity": 0,
            "min_size": 1,
            "mixed_instances_policy": [],
            "name": "my-cluster-node-assured-walrus-2020011206190080570000000d",
            "name_prefix": "my-cluster-node-assured-walrus-",
            "placement_group": "",
            "protect_from_scale_in": false,
            "service_linked_role_arn": "arn:aws:iam::060948813048:role/aws-service-role/autoscaling.amazonaws.com/AWSServiceRoleForAutoScaling",
            "suspended_processes": [],
            "tag": [],
            "tags": [
              {
                "key": "Name",
                "propagate_at_launch": "true",
                "value": "my-cluster-eks-nodes"
              },
              {
                "key": "kubernetes.io/cluster/my-cluster",
                "propagate_at_launch": "true",
                "value": "owned"
              },
              {
                "key": "sre_candidate",
                "propagate_at_launch": "true",
                "value": "tochukwu.nwoko"
              },
              {
                "key": "k8s.io/cluster-autoscaler/my-cluster",
                "propagate_at_launch": "true",
                "value": "owned"
              },
              {
                "key": "k8s.io/cluster-autoscaler/enabled",
                "propagate_at_launch": "true",
                "value": "true"
              }
            ],
            "target_group_arns": [],
            "termination_policies": [
              "Default"
            ],
            "timeouts": null,
            "vpc_zone_identifier": [
              "subnet-0baea8eb7f5d37d5d",
              "subnet-0c696af793062237a",
              "subnet-0e299d7e09c50065f"
            ],
            "wait_for_capacity_timeout": "0",
            "wait_for_elb_capacity": null
          },
          "private": "eyJlMmJmYjczMC1lY2FhLTExZTYtOGY4OC0zNDM2M2JjN2M0YzAiOnsiZGVsZXRlIjo2MDAwMDAwMDAwMDB9fQ==",
          "dependencies": [
            "module.eks.module.eks.module.eks-nodes-asg.aws_launch_configuration.this",
            "module.eks.module.eks.module.eks-nodes-asg.null_resource.tags_as_list_of_maps",
            "module.eks.module.eks.module.eks-nodes-asg.random_pet.asg_name"
          ]
        }
      ]
    },
    {
      "module": "module.eks.module.eks.module.bastion-asg",
      "mode": "managed",
      "type": "aws_autoscaling_group",
      "name": "this",
      "each": "list",
      "provider": "module.eks.module.eks.provider.aws",
      "instances": [
        {
          "index_key": 0,
          "schema_version": 0,
          "attributes": {
            "arn": "arn:aws:autoscaling:eu-west-1:060948813048:autoScalingGroup:87802bef-c735-4c35-911b-e7bfadb79dee:autoScalingGroupName/my-cluster-bastion-engaging-meerkat-2020011206084101320000000a",
            "availability_zones": [
              "eu-west-1a",
              "eu-west-1b",
              "eu-west-1c"
            ],
            "default_cooldown": 300,
            "desired_capacity": 1,
            "enabled_metrics": [
              "GroupDesiredCapacity",
              "GroupInServiceInstances",
              "GroupMaxSize",
              "GroupMinSize",
              "GroupPendingInstances",
              "GroupStandbyInstances",
              "GroupTerminatingInstances",
              "GroupTotalInstances"
            ],
            "force_delete": false,
            "health_check_grace_period": 300,
            "health_check_type": "EC2",
            "id": "my-cluster-bastion-engaging-meerkat-2020011206084101320000000a",
            "initial_lifecycle_hook": [],
            "launch_configuration": "my-cluster-bastion-lc-20200112060837322700000009",
            "launch_template": [],
            "load_balancers": [],
            "max_instance_lifetime": 0,
            "max_size": 1,
            "metrics_granularity": "1Minute",
            "min_elb_capacity": 0,
            "min_size": 1,
            "mixed_instances_policy": [],
            "name": "my-cluster-bastion-engaging-meerkat-2020011206084101320000000a",
            "name_prefix": "my-cluster-bastion-engaging-meerkat-",
            "placement_group": "",
            "protect_from_scale_in": false,
            "service_linked_role_arn": "arn:aws:iam::060948813048:role/aws-service-role/autoscaling.amazonaws.com/AWSServiceRoleForAutoScaling",
            "suspended_processes": [],
            "tag": [],
            "tags": [
              {
                "key": "Name",
                "propagate_at_launch": "true",
                "value": "my-cluster-bastion"
              },
              {
                "key": "kubernetes.io/cluster/my-cluster",
                "propagate_at_launch": "true",
                "value": "owned"
              }
            ],
            "target_group_arns": [],
            "termination_policies": [
              "Default"
            ],
            "timeouts": null,
            "vpc_zone_identifier": [
              "subnet-0024412d4906323fd",
              "subnet-0c804e5973013f42f",
              "subnet-0f4289557786fe922"
            ],
            "wait_for_capacity_timeout": "0",
            "wait_for_elb_capacity": null
          },
          "private": "eyJlMmJmYjczMC1lY2FhLTExZTYtOGY4OC0zNDM2M2JjN2M0YzAiOnsiZGVsZXRlIjo2MDAwMDAwMDAwMDB9fQ==",
          "dependencies": [
            "module.eks.module.eks.aws_key_pair.deployer",
            "module.eks.module.eks.module.bastion-asg.aws_launch_configuration.this",
            "module.eks.module.eks.module.bastion-asg.null_resource.tags_as_list_of_maps",
            "module.eks.module.eks.module.bastion-asg.random_pet.asg_name",
            "module.eks.module.eks.module.ssh_sg.aws_security_group.this",
            "module.eks.module.eks.module.ssh_sg.aws_security_group.this_name_prefix",
            "module.eks.module.eks.module.vpc.aws_vpc.this"
          ]
        }
      ]
    },
    {
      "module": "module.eks.module.eks.module.public-eks-nodes-asg",
      "mode": "managed",
      "type": "aws_autoscaling_group",
      "name": "this_with_initial_lifecycle_hook",
      "each": "list",
      "provider": "module.eks.module.eks.provider.aws",
      "instances": []
    },
    {
      "module": "module.eks.module.eks.module.eks-nodes-asg",
      "mode": "managed",
      "type": "aws_autoscaling_group",
      "name": "this_with_initial_lifecycle_hook",
      "each": "list",
      "provider": "module.eks.module.eks.provider.aws",
      "instances": []
    },
    {
      "module": "module.eks.module.eks.module.bastion-asg",
      "mode": "managed",
      "type": "aws_autoscaling_group",
      "name": "this_with_initial_lifecycle_hook",
      "each": "list",
      "provider": "module.eks.module.eks.provider.aws",
      "instances": []
    },
    {
      "mode": "managed",
      "type": "aws_cloudwatch_metric_alarm",
      "name": "extra",
      "provider": "provider.aws",
      "instances": [
        {
          "schema_version": 1,
          "attributes": {
            "actions_enabled": true,
            "alarm_actions": null,
            "alarm_description": "Request error rate has exceeded 100",
            "alarm_name": "terraform-test-foobar",
            "arn": "arn:aws:cloudwatch:eu-west-1:060948813048:alarm:terraform-test-foobar",
            "comparison_operator": "GreaterThanOrEqualToThreshold",
            "datapoints_to_alarm": 0,
            "dimensions": null,
            "evaluate_low_sample_count_percentiles": "",
            "evaluation_periods": 2,
            "extended_statistic": "",
            "id": "terraform-test-foobar",
            "insufficient_data_actions": null,
            "metric_name": "",
            "metric_query": [
              {
                "expression": "",
                "id": "m1",
                "label": "",
                "metric": [
                  {
                    "dimensions": {
                      "LoadBalancer": "app/web"
                    },
                    "metric_name": "HTTPCode_ELB_4XX_Count",
                    "namespace": "AWS/ApplicationELB",
                    "period": 3600,
                    "stat": "Sum",
                    "unit": "Count"
                  }
                ],
                "return_data": false
              },
              {
                "expression": "m1*1",
                "id": "e1",
                "label": "Error Rate",
                "metric": [],
                "return_data": true
              }
            ],
            "namespace": "",
            "ok_actions": null,
            "period": 0,
            "statistic": "",
            "tags": null,
            "threshold": 100,
            "threshold_metric_id": "",
            "treat_missing_data": "missing",
            "unit": ""
          },
          "private": "eyJzY2hlbWFfdmVyc2lvbiI6IjEifQ=="
        }
      ]
    },
    {
      "mode": "managed",
      "type": "aws_cloudwatch_metric_alarm",
      "name": "foobar",
      "provider": "provider.aws",
      "instances": [
        {
          "schema_version": 1,
          "attributes": {
            "actions_enabled": true,
            "alarm_actions": null,
            "alarm_description": "Request error rate has exceeded 100",
            "alarm_name": "terraform-test-foobar",
            "arn": "arn:aws:cloudwatch:eu-west-1:060948813048:alarm:terraform-test-foobar",
            "comparison_operator": "GreaterThanOrEqualToThreshold",
            "datapoints_to_alarm": 0,
            "dimensions": null,
            "evaluate_low_sample_count_percentiles": "",
            "evaluation_periods": 2,
            "extended_statistic": "",
            "id": "terraform-test-foobar",
            "insufficient_data_actions": null,
            "metric_name": "",
            "metric_query": [
              {
                "expression": "",
                "id": "m1",
                "label": "",
                "metric": [
                  {
                    "dimensions": {
                      "LoadBalancer": "app/web"
                    },
                    "metric_name": "HTTPCode_ELB_5XX_Count",
                    "namespace": "AWS/ApplicationELB",
                    "period": 120,
                    "stat": "Sum",
                    "unit": "Count"
                  }
                ],
                "return_data": false
              },
              {
                "expression": "m1*1",
                "id": "e1",
                "label": "Error Rate",
                "metric": [],
                "return_data": true
              }
            ],
            "namespace": "",
            "ok_actions": null,
            "period": 0,
            "statistic": "",
            "tags": null,
            "threshold": 50,
            "threshold_metric_id": "",
            "treat_missing_data": "missing",
            "unit": ""
          },
          "private": "eyJzY2hlbWFfdmVyc2lvbiI6IjEifQ=="
        }
      ]
    },
    {
      "module": "module.eks.module.eks.module.vpc",
      "mode": "managed",
      "type": "aws_db_subnet_group",
      "name": "database",
      "each": "list",
      "provider": "module.eks.module.eks.provider.aws",
      "instances": [
        {
          "index_key": 0,
          "schema_version": 0,
          "attributes": {
            "arn": "arn:aws:rds:eu-west-1:060948813048:subgrp:eks-vpc",
            "description": "Database subnet group for eks-vpc",
            "id": "eks-vpc",
            "name": "eks-vpc",
            "name_prefix": null,
            "subnet_ids": [
              "subnet-019ff8f01b567fdfd",
              "subnet-01ac527a2fa7cb593",
              "subnet-0dab626f3fd6441d9"
            ],
            "tags": {
              "Name": "my-cluster-vpc",
              "kubernetes.io/cluster/my-cluster": "shared",
              "sre_candidate": "tochukwu.nwoko"
            }
          },
          "private": "bnVsbA==",
          "dependencies": [
            "module.eks.module.eks.module.vpc.aws_subnet.database",
            "module.eks.module.eks.module.vpc.aws_vpc.this",
            "module.eks.module.eks.module.vpc.aws_vpc_ipv4_cidr_block_association.this"
          ]
        }
      ]
    },
    {
      "module": "module.eks.module.eks.module.vpc",
      "mode": "managed",
      "type": "aws_default_network_acl",
      "name": "this",
      "each": "list",
      "provider": "module.eks.module.eks.provider.aws",
      "instances": []
    },
    {
      "module": "module.eks.module.eks.module.vpc",
      "mode": "managed",
      "type": "aws_default_vpc",
      "name": "this",
      "each": "list",
      "provider": "module.eks.module.eks.provider.aws",
      "instances": []
    },
    {
      "module": "module.eks.module.eks.module.vpc",
      "mode": "managed",
      "type": "aws_eip",
      "name": "nat",
      "each": "list",
      "provider": "module.eks.module.eks.provider.aws",
      "instances": [
        {
          "index_key": 0,
          "schema_version": 0,
          "attributes": {
            "allocation_id": null,
            "associate_with_private_ip": null,
            "association_id": "eipassoc-038082b8b2f5c63d6",
            "domain": "vpc",
            "id": "eipalloc-0c0b16be60ed16bb6",
            "instance": "",
            "network_interface": "eni-0463905be641605e7",
            "private_dns": "ip-10-0-130-214.eu-west-1.compute.internal",
            "private_ip": "10.0.130.214",
            "public_dns": "ec2-52-17-8-59.eu-west-1.compute.amazonaws.com",
            "public_ip": "52.17.8.59",
            "public_ipv4_pool": "amazon",
            "tags": {
              "Name": "my-cluster-vpc",
              "kubernetes.io/cluster/my-cluster": "shared",
              "sre_candidate": "tochukwu.nwoko"
            },
            "timeouts": null,
            "vpc": true
          },
          "private": "eyJlMmJmYjczMC1lY2FhLTExZTYtOGY4OC0zNDM2M2JjN2M0YzAiOnsiZGVsZXRlIjoxODAwMDAwMDAwMDAsInJlYWQiOjkwMDAwMDAwMDAwMCwidXBkYXRlIjozMDAwMDAwMDAwMDB9fQ=="
        },
        {
          "index_key": 1,
          "schema_version": 0,
          "attributes": {
            "allocation_id": null,
            "associate_with_private_ip": null,
            "association_id": "eipassoc-0df7a9f153cdb3c11",
            "domain": "vpc",
            "id": "eipalloc-0c3aa578612a28772",
            "instance": "",
            "network_interface": "eni-0cd16bb0751f43079",
            "private_dns": "ip-10-0-157-48.eu-west-1.compute.internal",
            "private_ip": "10.0.157.48",
            "public_dns": "ec2-34-249-121-233.eu-west-1.compute.amazonaws.com",
            "public_ip": "34.249.121.233",
            "public_ipv4_pool": "amazon",
            "tags": {
              "Name": "my-cluster-vpc",
              "kubernetes.io/cluster/my-cluster": "shared",
              "sre_candidate": "tochukwu.nwoko"
            },
            "timeouts": null,
            "vpc": true
          },
          "private": "eyJlMmJmYjczMC1lY2FhLTExZTYtOGY4OC0zNDM2M2JjN2M0YzAiOnsiZGVsZXRlIjoxODAwMDAwMDAwMDAsInJlYWQiOjkwMDAwMDAwMDAwMCwidXBkYXRlIjozMDAwMDAwMDAwMDB9fQ=="
        },
        {
          "index_key": 2,
          "schema_version": 0,
          "attributes": {
            "allocation_id": null,
            "associate_with_private_ip": null,
            "association_id": "eipassoc-08794f511a05c18dc",
            "domain": "vpc",
            "id": "eipalloc-0e74a5d52a0651bab",
            "instance": "",
            "network_interface": "eni-02ce4b6d12e941622",
            "private_dns": "ip-10-0-163-208.eu-west-1.compute.internal",
            "private_ip": "10.0.163.208",
            "public_dns": "ec2-63-35-79-162.eu-west-1.compute.amazonaws.com",
            "public_ip": "63.35.79.162",
            "public_ipv4_pool": "amazon",
            "tags": {
              "Name": "my-cluster-vpc",
              "kubernetes.io/cluster/my-cluster": "shared",
              "sre_candidate": "tochukwu.nwoko"
            },
            "timeouts": null,
            "vpc": true
          },
          "private": "eyJlMmJmYjczMC1lY2FhLTExZTYtOGY4OC0zNDM2M2JjN2M0YzAiOnsiZGVsZXRlIjoxODAwMDAwMDAwMDAsInJlYWQiOjkwMDAwMDAwMDAwMCwidXBkYXRlIjozMDAwMDAwMDAwMDB9fQ=="
        }
      ]
    },
    {
      "module": "module.eks.module.eks",
      "mode": "managed",
      "type": "aws_eks_cluster",
      "name": "eks",
      "provider": "module.eks.module.eks.provider.aws",
      "instances": [
        {
          "schema_version": 0,
          "attributes": {
            "arn": "arn:aws:eks:eu-west-1:060948813048:cluster/my-cluster",
            "certificate_authority": [
              {
                "data": "LS0tLS1CRUdJTiBDRVJUSUZJQ0FURS0tLS0tCk1JSUN5RENDQWJDZ0F3SUJBZ0lCQURBTkJna3Foa2lHOXcwQkFRc0ZBREFWTVJNd0VRWURWUVFERXdwcmRXSmwKY201bGRHVnpNQjRYRFRJd01ERXhNakEyTVRVMU0xb1hEVE13TURFd09UQTJNVFUxTTFvd0ZURVRNQkVHQTFVRQpBeE1LYTNWaVpYSnVaWFJsY3pDQ0FTSXdEUVlKS29aSWh2Y05BUUVCQlFBRGdnRVBBRENDQVFvQ2dnRUJBTUM1CjdjUE1xcU0vc0lLcGhEZVBBOVhGSHNkQXlBZWl6U3o3ZjdBWVpBajg5a3JTMnhIa2VSRXZGd0cxb052c2JmZ2YKNEJCbFlHb1IrU0hNcTJPVk82TU9ONmMrcVZTcVFabW9DSWNzdzM1WFFKVVR4STBVaU95U09kSisyMmZwS3VPUgo1empQMks1S05lWS9CcnprUnlGeHE5Zks3SVZ5TjhUL201QW0xVjYvRE1DMjQyaG5XempTZnBIN3Z2MnhRcXBECjhML1JtWmZFT0FIcW01c3A1NjBYcGZqOW1UcEJTUUlmL3ZJaWFBWTdOK1pRb3owaHdqUU9zSXdyODRnRDYxTDAKMi9oTEpKUzZEYkJ1UWUyTmZGaWFkSXdYZitKMWo5WEJOOUtxWllqYVVCQ1NVZllQaEg1THlvSFBjcTBJaEJ6VgpFUnZsQk02eWg1YXoyWVN2UHpVQ0F3RUFBYU1qTUNFd0RnWURWUjBQQVFIL0JBUURBZ0trTUE4R0ExVWRFd0VCCi93UUZNQU1CQWY4d0RRWUpLb1pJaHZjTkFRRUxCUUFEZ2dFQkFHTlhCWlZNcVprY1EwREgwNDNZVUowZlVNd1YKOTdNMlp1ajFwdUJoODY1T1N6RVpWSjNMbTNUWjdQK09zTWNpelFhTG1MVTZEM2V5eDlzSmc2WUhWUi9KM09hUQpJYkl1bHNtRTBENVJKazlVelk1NTV2TlYxcFVQRjA5dE5zcXl0c1pOSlJQcUs0dU9rWndKS0crM3lRQTZvRGl1CjZrK2RXT05VTzRwMzU5V3p2V25XNFlBSlg4R3VvbDd2cWJZN1pnZExwNlMyUTMvdUs5eElNMmRldmMwUldOUEgKUHUwNGlSME1wNmhwc0JBVzM2dzRuR0NrQStYU0VMc05Rd3VCdVhIU2Zna1oyT3p5OHVkbFh2alVzR2xSU2MzZApLT0dzdm9VWXhmTDJwbC8vZmtOOTgwSzIrZ2dVZ3VHbXdWUUs0bDBIWXlod25tdEQ1b1ZHU2Roejd0OD0KLS0tLS1FTkQgQ0VSVElGSUNBVEUtLS0tLQo="
              }
            ],
            "created_at": "2020-01-12 06:08:40 +0000 UTC",
            "enabled_cluster_log_types": [
              "api",
              "audit",
              "authenticator",
              "controllerManager",
              "scheduler"
            ],
            "endpoint": "https://7CD613151802424832BB7CFA781DC969.sk1.eu-west-1.eks.amazonaws.com",
            "id": "my-cluster",
            "identity": [
              {
                "oidc": [
                  {
                    "issuer": "https://oidc.eks.eu-west-1.amazonaws.com/id/7CD613151802424832BB7CFA781DC969"
                  }
                ]
              }
            ],
            "name": "my-cluster",
            "platform_version": "eks.7",
            "role_arn": "arn:aws:iam::060948813048:role/my-cluster-eks-cluster-role",
            "status": "ACTIVE",
            "tags": {
              "sre_candidate": "tochukwu.nwoko"
            },
            "timeouts": null,
            "version": "1.14",
            "vpc_config": [
              {
                "cluster_security_group_id": "sg-0df13862507fa56ff",
                "endpoint_private_access": false,
                "endpoint_public_access": true,
                "public_access_cidrs": [
                  "0.0.0.0/0"
                ],
                "security_group_ids": [
                  "sg-007a47fc8ffd7a5a4"
                ],
                "subnet_ids": [
                  "subnet-0baea8eb7f5d37d5d",
                  "subnet-0c696af793062237a",
                  "subnet-0e299d7e09c50065f"
                ],
                "vpc_id": "vpc-078c29fedcea3f071"
              }
            ]
          },
          "private": "eyJlMmJmYjczMC1lY2FhLTExZTYtOGY4OC0zNDM2M2JjN2M0YzAiOnsiY3JlYXRlIjoxODAwMDAwMDAwMDAwLCJkZWxldGUiOjkwMDAwMDAwMDAwMCwidXBkYXRlIjozNjAwMDAwMDAwMDAwfX0=",
          "dependencies": [
            "module.eks.module.eks.aws_iam_role.cluster",
            "module.eks.module.eks.aws_iam_role_policy_attachment.cluster-AmazonEKSClusterPolicy",
            "module.eks.module.eks.aws_iam_role_policy_attachment.cluster-AmazonEKSServicePolicy"
          ]
        }
      ]
    },
    {
      "module": "module.eks.module.eks.module.vpc",
      "mode": "managed",
      "type": "aws_elasticache_subnet_group",
      "name": "elasticache",
      "each": "list",
      "provider": "module.eks.module.eks.provider.aws",
      "instances": []
    },
    {
      "module": "module.eks.module.eks",
      "mode": "managed",
      "type": "aws_iam_instance_profile",
      "name": "node",
      "provider": "module.eks.module.eks.provider.aws",
      "instances": [
        {
          "schema_version": 0,
          "attributes": {
            "arn": "arn:aws:iam::060948813048:instance-profile/my-cluster-eks-node-instance-profile",
            "create_date": "2020-01-12T06:07:53Z",
            "id": "my-cluster-eks-node-instance-profile",
            "name": "my-cluster-eks-node-instance-profile",
            "name_prefix": null,
            "path": "/",
            "role": "my-cluster-eks-node-role",
            "roles": [
              "my-cluster-eks-node-role"
            ],
            "unique_id": "AIPAQ4MGVCT4ILIMEBWNT"
          },
          "private": "bnVsbA==",
          "dependencies": [
            "module.eks.module.eks.aws_iam_role.node"
          ]
        }
      ]
    },
    {
      "module": "module.eks.module.eks",
      "mode": "managed",
      "type": "aws_iam_policy",
      "name": "cluster-autoscaler",
      "provider": "module.eks.module.eks.provider.aws",
      "instances": [
        {
          "schema_version": 0,
          "attributes": {
            "arn": "arn:aws:iam::060948813048:policy/cluster-autoscaler",
            "description": "A test policy",
            "id": "arn:aws:iam::060948813048:policy/cluster-autoscaler",
            "name": "cluster-autoscaler",
            "name_prefix": null,
            "path": "/",
            "policy": "{\n    \"Version\": \"2012-10-17\",\n    \"Statement\": [\n        {\n            \"Action\": [\n                \"autoscaling:DescribeAutoScalingGroups\",\n                \"autoscaling:DescribeAutoScalingInstances\",\n                \"autoscaling:DescribeLaunchConfigurations\",\n                \"autoscaling:DescribeTags\",\n                \"autoscaling:SetDesiredCapacity\",\n                \"autoscaling:TerminateInstanceInAutoScalingGroup\",\n                \"ec2:DescribeLaunchTemplateVersions\"\n            ],\n            \"Resource\": \"*\",\n            \"Effect\": \"Allow\"\n        }\n    ]\n}\n"
          },
          "private": "bnVsbA=="
        }
      ]
    },
    {
      "module": "module.eks.module.eks",
      "mode": "managed",
      "type": "aws_iam_policy",
      "name": "loadbalance",
      "provider": "module.eks.module.eks.provider.aws",
      "instances": [
        {
          "schema_version": 0,
          "attributes": {
            "arn": "arn:aws:iam::060948813048:policy/test-policy",
            "description": "A test policy",
            "id": "arn:aws:iam::060948813048:policy/test-policy",
            "name": "test-policy",
            "name_prefix": null,
            "path": "/",
            "policy": "{\n  \"Version\": \"2012-10-17\",\n  \"Statement\": [\n    {\n      \"Effect\": \"Allow\",\n      \"Action\": [\n        \"acm:DescribeCertificate\",\n        \"acm:ListCertificates\",\n        \"acm:GetCertificate\"\n      ],\n      \"Resource\": \"*\"\n    },\n    {\n      \"Effect\": \"Allow\",\n      \"Action\": [\n        \"ec2:AuthorizeSecurityGroupIngress\",\n        \"ec2:CreateSecurityGroup\",\n        \"ec2:CreateTags\",\n        \"ec2:DeleteTags\",\n        \"ec2:DeleteSecurityGroup\",\n        \"ec2:DescribeAccountAttributes\",\n        \"ec2:DescribeAddresses\",\n        \"ec2:DescribeInstances\",\n        \"ec2:DescribeInstanceStatus\",\n        \"ec2:DescribeInternetGateways\",\n        \"ec2:DescribeNetworkInterfaces\",\n        \"ec2:DescribeSecurityGroups\",\n        \"ec2:DescribeSubnets\",\n        \"ec2:DescribeTags\",\n        \"ec2:DescribeVpcs\",\n        \"ec2:ModifyInstanceAttribute\",\n        \"ec2:ModifyNetworkInterfaceAttribute\",\n        \"ec2:RevokeSecurityGroupIngress\"\n      ],\n      \"Resource\": \"*\"\n    },\n    {\n      \"Effect\": \"Allow\",\n      \"Action\": [\n        \"elasticloadbalancing:AddListenerCertificates\",\n        \"elasticloadbalancing:AddTags\",\n        \"elasticloadbalancing:CreateListener\",\n        \"elasticloadbalancing:CreateLoadBalancer\",\n        \"elasticloadbalancing:CreateRule\",\n        \"elasticloadbalancing:CreateTargetGroup\",\n        \"elasticloadbalancing:DeleteListener\",\n        \"elasticloadbalancing:DeleteLoadBalancer\",\n        \"elasticloadbalancing:DeleteRule\",\n        \"elasticloadbalancing:DeleteTargetGroup\",\n        \"elasticloadbalancing:DeregisterTargets\",\n        \"elasticloadbalancing:DescribeListenerCertificates\",\n        \"elasticloadbalancing:DescribeListeners\",\n        \"elasticloadbalancing:DescribeLoadBalancers\",\n        \"elasticloadbalancing:DescribeLoadBalancerAttributes\",\n        \"elasticloadbalancing:DescribeRules\",\n        \"elasticloadbalancing:DescribeSSLPolicies\",\n        \"elasticloadbalancing:DescribeTags\",\n        \"elasticloadbalancing:DescribeTargetGroups\",\n        \"elasticloadbalancing:DescribeTargetGroupAttributes\",\n        \"elasticloadbalancing:DescribeTargetHealth\",\n        \"elasticloadbalancing:ModifyListener\",\n        \"elasticloadbalancing:ModifyLoadBalancerAttributes\",\n        \"elasticloadbalancing:ModifyRule\",\n        \"elasticloadbalancing:ModifyTargetGroup\",\n        \"elasticloadbalancing:ModifyTargetGroupAttributes\",\n        \"elasticloadbalancing:RegisterTargets\",\n        \"elasticloadbalancing:RemoveListenerCertificates\",\n        \"elasticloadbalancing:RemoveTags\",\n        \"elasticloadbalancing:SetIpAddressType\",\n        \"elasticloadbalancing:SetSecurityGroups\",\n        \"elasticloadbalancing:SetSubnets\",\n        \"elasticloadbalancing:SetWebACL\"\n      ],\n      \"Resource\": \"*\"\n    },\n    {\n      \"Effect\": \"Allow\",\n      \"Action\": [\n        \"iam:CreateServiceLinkedRole\",\n        \"iam:GetServerCertificate\",\n        \"iam:ListServerCertificates\"\n      ],\n      \"Resource\": \"*\"\n    },\n    {\n      \"Effect\": \"Allow\",\n      \"Action\": [\n        \"cognito-idp:DescribeUserPoolClient\"\n      ],\n      \"Resource\": \"*\"\n    },\n    {\n      \"Effect\": \"Allow\",\n      \"Action\": [\n        \"waf-regional:GetWebACLForResource\",\n        \"waf-regional:GetWebACL\",\n        \"waf-regional:AssociateWebACL\",\n        \"waf-regional:DisassociateWebACL\"\n      ],\n      \"Resource\": \"*\"\n    },\n    {\n      \"Effect\": \"Allow\",\n      \"Action\": [\n        \"tag:GetResources\",\n        \"tag:TagResources\"\n      ],\n      \"Resource\": \"*\"\n    },\n    {\n      \"Effect\": \"Allow\",\n      \"Action\": [\n        \"waf:GetWebACL\"\n      ],\n      \"Resource\": \"*\"\n    }\n  ]\n}\n"
          },
          "private": "bnVsbA=="
        }
      ]
    },
    {
      "module": "module.eks.module.eks",
      "mode": "managed",
      "type": "aws_iam_role",
      "name": "cluster",
      "provider": "module.eks.module.eks.provider.aws",
      "instances": [
        {
          "schema_version": 0,
          "attributes": {
            "arn": "arn:aws:iam::060948813048:role/my-cluster-eks-cluster-role",
            "assume_role_policy": "{\"Version\":\"2012-10-17\",\"Statement\":[{\"Effect\":\"Allow\",\"Principal\":{\"Service\":\"eks.amazonaws.com\"},\"Action\":\"sts:AssumeRole\"}]}",
            "create_date": "2020-01-12T06:07:49Z",
            "description": "",
            "force_detach_policies": false,
            "id": "my-cluster-eks-cluster-role",
            "max_session_duration": 3600,
            "name": "my-cluster-eks-cluster-role",
            "name_prefix": null,
            "path": "/",
            "permissions_boundary": null,
            "tags": {},
            "unique_id": "AROAQ4MGVCT4NJOTG2LWB"
          },
          "private": "bnVsbA=="
        }
      ]
    },
    {
      "module": "module.eks.module.eks",
      "mode": "managed",
      "type": "aws_iam_role",
      "name": "node",
      "provider": "module.eks.module.eks.provider.aws",
      "instances": [
        {
          "schema_version": 0,
          "attributes": {
            "arn": "arn:aws:iam::060948813048:role/my-cluster-eks-node-role",
            "assume_role_policy": "{\"Version\":\"2012-10-17\",\"Statement\":[{\"Effect\":\"Allow\",\"Principal\":{\"Service\":\"ec2.amazonaws.com\"},\"Action\":\"sts:AssumeRole\"}]}",
            "create_date": "2020-01-12T06:07:49Z",
            "description": "",
            "force_detach_policies": false,
            "id": "my-cluster-eks-node-role",
            "max_session_duration": 3600,
            "name": "my-cluster-eks-node-role",
            "name_prefix": null,
            "path": "/",
            "permissions_boundary": null,
            "tags": {},
            "unique_id": "AROAQ4MGVCT4F3GMO5YUA"
          },
          "private": "bnVsbA=="
        }
      ]
    },
    {
      "module": "module.eks.module.eks",
      "mode": "managed",
      "type": "aws_iam_role_policy_attachment",
      "name": "cluster-AmazonEKSClusterPolicy",
      "provider": "module.eks.module.eks.provider.aws",
      "instances": [
        {
          "schema_version": 0,
          "attributes": {
            "id": "my-cluster-eks-cluster-role-20200112060751736200000005",
            "policy_arn": "arn:aws:iam::aws:policy/AmazonEKSClusterPolicy",
            "role": "my-cluster-eks-cluster-role"
          },
          "private": "bnVsbA==",
          "dependencies": [
            "module.eks.module.eks.aws_iam_role.cluster"
          ]
        }
      ]
    },
    {
      "module": "module.eks.module.eks",
      "mode": "managed",
      "type": "aws_iam_role_policy_attachment",
      "name": "cluster-AmazonEKSServicePolicy",
      "provider": "module.eks.module.eks.provider.aws",
      "instances": [
        {
          "schema_version": 0,
          "attributes": {
            "id": "my-cluster-eks-cluster-role-20200112060751551600000003",
            "policy_arn": "arn:aws:iam::aws:policy/AmazonEKSServicePolicy",
            "role": "my-cluster-eks-cluster-role"
          },
          "private": "bnVsbA==",
          "dependencies": [
            "module.eks.module.eks.aws_iam_role.cluster"
          ]
        }
      ]
    },
    {
      "module": "module.eks.module.eks",
      "mode": "managed",
      "type": "aws_iam_role_policy_attachment",
      "name": "cluster-autoscaler",
      "provider": "module.eks.module.eks.provider.aws",
      "instances": [
        {
          "schema_version": 0,
          "attributes": {
            "id": "my-cluster-eks-node-role-20200113052639968600000003",
            "policy_arn": "arn:aws:iam::060948813048:policy/cluster-autoscaler",
            "role": "my-cluster-eks-node-role"
          },
          "private": "bnVsbA==",
          "dependencies": [
            "module.eks.module.eks.aws_iam_policy.cluster-autoscaler",
            "module.eks.module.eks.aws_iam_role.node"
          ]
        }
      ]
    },
    {
      "module": "module.eks.module.eks",
      "mode": "managed",
      "type": "aws_iam_role_policy_attachment",
      "name": "loadbalance",
      "provider": "module.eks.module.eks.provider.aws",
      "instances": [
        {
          "schema_version": 0,
          "attributes": {
            "id": "my-cluster-eks-node-role-20200113052639833000000002",
            "policy_arn": "arn:aws:iam::060948813048:policy/test-policy",
            "role": "my-cluster-eks-node-role"
          },
          "private": "bnVsbA==",
          "dependencies": [
            "module.eks.module.eks.aws_iam_policy.loadbalance",
            "module.eks.module.eks.aws_iam_role.node"
          ]
        }
      ]
    },
    {
      "module": "module.eks.module.eks",
      "mode": "managed",
      "type": "aws_iam_role_policy_attachment",
      "name": "node-AmazonEC2ContainerRegistryReadOnly",
      "provider": "module.eks.module.eks.provider.aws",
      "instances": [
        {
          "schema_version": 0,
          "attributes": {
            "id": "my-cluster-eks-node-role-20200112060751236200000001",
            "policy_arn": "arn:aws:iam::aws:policy/AmazonEC2ContainerRegistryReadOnly",
            "role": "my-cluster-eks-node-role"
          },
          "private": "bnVsbA==",
          "dependencies": [
            "module.eks.module.eks.aws_iam_role.node"
          ]
        }
      ]
    },
    {
      "module": "module.eks.module.eks",
      "mode": "managed",
      "type": "aws_iam_role_policy_attachment",
      "name": "node-AmazonEKSWorkerNodePolicy",
      "provider": "module.eks.module.eks.provider.aws",
      "instances": [
        {
          "schema_version": 0,
          "attributes": {
            "id": "my-cluster-eks-node-role-20200112060751536000000002",
            "policy_arn": "arn:aws:iam::aws:policy/AmazonEKSWorkerNodePolicy",
            "role": "my-cluster-eks-node-role"
          },
          "private": "bnVsbA==",
          "dependencies": [
            "module.eks.module.eks.aws_iam_role.node"
          ]
        }
      ]
    },
    {
      "module": "module.eks.module.eks",
      "mode": "managed",
      "type": "aws_iam_role_policy_attachment",
      "name": "node-AmazonEKS_CNI_Policy",
      "provider": "module.eks.module.eks.provider.aws",
      "instances": [
        {
          "schema_version": 0,
          "attributes": {
            "id": "my-cluster-eks-node-role-20200112060751580500000004",
            "policy_arn": "arn:aws:iam::aws:policy/AmazonEKS_CNI_Policy",
            "role": "my-cluster-eks-node-role"
          },
          "private": "bnVsbA==",
          "dependencies": [
            "module.eks.module.eks.aws_iam_role.node"
          ]
        }
      ]
    },
    {
      "module": "module.eks.module.eks",
      "mode": "managed",
      "type": "aws_iam_role_policy_attachment",
      "name": "node-CloudWatchAgentServerPolicy",
      "provider": "module.eks.module.eks.provider.aws",
      "instances": [
        {
          "schema_version": 0,
          "attributes": {
            "id": "my-cluster-eks-node-role-20200113052636871600000001",
            "policy_arn": "arn:aws:iam::aws:policy/CloudWatchAgentServerPolicy",
            "role": "my-cluster-eks-node-role"
          },
          "private": "bnVsbA==",
          "dependencies": [
            "module.eks.module.eks.aws_iam_role.node"
          ]
        }
      ]
    },
    {
      "module": "module.eks.module.eks.module.vpc",
      "mode": "managed",
      "type": "aws_internet_gateway",
      "name": "this",
      "each": "list",
      "provider": "module.eks.module.eks.provider.aws",
      "instances": [
        {
          "index_key": 0,
          "schema_version": 0,
          "attributes": {
            "id": "igw-0007e7556eb33166e",
            "owner_id": "060948813048",
            "tags": {
              "Name": "my-cluster-vpc",
              "kubernetes.io/cluster/my-cluster": "shared",
              "sre_candidate": "tochukwu.nwoko"
            },
            "vpc_id": "vpc-078c29fedcea3f071"
          },
          "private": "bnVsbA==",
          "dependencies": [
            "module.eks.module.eks.module.vpc.aws_vpc.this",
            "module.eks.module.eks.module.vpc.aws_vpc_ipv4_cidr_block_association.this"
          ]
        }
      ]
    },
    {
      "module": "module.eks.module.eks",
      "mode": "managed",
      "type": "aws_key_pair",
      "name": "deployer",
      "provider": "module.eks.module.eks.provider.aws",
      "instances": [
        {
          "schema_version": 1,
          "attributes": {
            "fingerprint": "22:19:5c:23:99:ca:f1:79:9b:bb:57:61:68:62:5d:6b",
            "id": "my-cluster",
            "key_name": "my-cluster",
            "key_name_prefix": null,
            "public_key": "ssh-rsa AAAAB3NzaC1yc2EAAAADAQABAAACAQDBQy6DQGcoj6DAlD235BC4Izj03o2BE8e8piBeULQRg3moge8+R1IX53qfhWkWRwuBGnoMvdU5XHAgm6BIcZlS+49dtVEzP/+1SBOhUplbuK1UDTkFGv436v4KqERdr5T5t5cr4kyyvF5a8AxGWzYWTGt0sqJvxBVs3SRcIQsbtqfn7xOl20ZGI6DNbJWAtIGdevvgZlFQ1up7ObGLi2WcfAbplNAajgLWundnV7DdjNOFqsIyhgorTpCEiDToPKhINzMq9n2g51R+cfeGjPL+TqXQyN7O1OtA42J1+V1+QSRJ5WovcalmLNxohhXGAXQPsRC04PAVkwQcHztfxftpbNKm7ftzrrtMFTZe1aDrDgWKP61n9a4jDJzi4rLyHj5Qk/fSjXKyAaSRKBq3RlDnxi5cqe6Pjr3AeV5m88aa9/FmoZOlD2+EZz8pJIuLBi6ktxzkRkoBwEe3mvDmXCUg/67YHyzvM0QGkXrM67Rp+T8Awk7MYeh/tOj7iWPB5IbG83G1EiHcwRQD6itmQqypNiByNjuoaJ8hFS/eH+KRw/NPX0+nJNQg2914/llQWAMXuXUnQib/JBzVZRqCOHjRUGI9QI5lU2rS1xMN3lpNrnVo1zWWESCtF8c1pKKGachwWdoIm36mQoebNSSZB/KkoeT7PcXuV+oiQxZ8B/MBAw== nwokotochukwu@gmail.com"
          },
          "private": "eyJzY2hlbWFfdmVyc2lvbiI6IjEifQ=="
        }
      ]
    },
    {
      "module": "module.eks.module.eks",
      "mode": "managed",
      "type": "aws_launch_configuration",
      "name": "demo",
      "provider": "module.eks.module.eks.provider.aws",
      "instances": [
        {
          "schema_version": 0,
          "attributes": {
            "arn": "arn:aws:autoscaling:eu-west-1:060948813048:launchConfiguration:08feb340-bc51-4be8-b636-1d0be88de394:launchConfigurationName/terraform-eks-demo20200112111745674000000001",
            "associate_public_ip_address": true,
            "ebs_block_device": [],
            "ebs_optimized": false,
            "enable_monitoring": true,
            "ephemeral_block_device": [],
            "iam_instance_profile": "my-cluster-eks-node-instance-profile",
            "id": "terraform-eks-demo20200112111745674000000001",
            "image_id": "ami-0b9d2c11b47bd8264",
            "instance_type": "t3.large",
            "key_name": "",
            "name": "terraform-eks-demo20200112111745674000000001",
            "name_prefix": "terraform-eks-demo",
            "placement_tenancy": null,
            "root_block_device": [],
            "security_groups": [
              "sg-0b8daa9029c658d1f"
            ],
            "spot_price": "0.0274",
            "user_data": null,
            "user_data_base64": "IyEvYmluL2Jhc2gKc2V0IC1vIHh0cmFjZQovZXRjL2Vrcy9ib290c3RyYXAuc2ggLS1hcGlzZXJ2ZXItZW5kcG9pbnQgJ2h0dHBzOi8vN0NENjEzMTUxODAyNDI0ODMyQkI3Q0ZBNzgxREM5Njkuc2sxLmV1LXdlc3QtMS5la3MuYW1hem9uYXdzLmNvbScgLS1iNjQtY2x1c3Rlci1jYSAnTFMwdExTMUNSVWRKVGlCRFJWSlVTVVpKUTBGVVJTMHRMUzB0Q2sxSlNVTjVSRU5EUVdKRFowRjNTVUpCWjBsQ1FVUkJUa0puYTNGb2EybEhPWGN3UWtGUmMwWkJSRUZXVFZKTmQwVlJXVVJXVVZGRVJYZHdjbVJYU213S1kyMDFiR1JIVm5wTlFqUllSRlJKZDAxRVJYaE5ha0V5VFZSVk1VMHhiMWhFVkUxM1RVUkZkMDlVUVRKTlZGVXhUVEZ2ZDBaVVJWUk5Ra1ZIUVRGVlJRcEJlRTFMWVROV2FWcFlTblZhV0ZKc1kzcERRMEZUU1hkRVVWbEtTMjlhU1doMlkwNUJVVVZDUWxGQlJHZG5SVkJCUkVORFFWRnZRMmRuUlVKQlRVTTFDamRqVUUxeGNVMHZjMGxMY0doRVpWQkJPVmhHU0hOa1FYbEJaV2w2VTNvM1pqZEJXVnBCYWpnNWEzSlRNbmhJYTJWU1JYWkdkMGN4YjA1MmMySm1aMllLTkVKQ2JGbEhiMUlyVTBoTmNUSlBWazgyVFU5T05tTXJjVlpUY1ZGYWJXOURTV056ZHpNMVdGRktWVlI0U1RCVmFVOTVVMDlrU2lzeU1tWndTM1ZQVWdvMWVtcFFNa3MxUzA1bFdTOUNjbnByVW5sR2VIRTVaa3MzU1ZaNVRqaFVMMjAxUVcweFZqWXZSRTFETWpReWFHNVhlbXBUWm5CSU4zWjJNbmhSY1hCRUNqaE1MMUp0V21aRlQwRkljVzAxYzNBMU5qQlljR1pxT1cxVWNFSlRVVWxtTDNaSmFXRkJXVGRPSzFwUmIzb3dhSGRxVVU5elNYZHlPRFJuUkRZeFREQUtNaTlvVEVwS1V6WkVZa0oxVVdVeVRtWkdhV0ZrU1hkWVppdEtNV281V0VKT09VdHhXbGxxWVZWQ1ExTlZabGxRYUVnMVRIbHZTRkJqY1RCSmFFSjZWZ3BGVW5ac1FrMDJlV2cxWVhveVdWTjJVSHBWUTBGM1JVRkJZVTFxVFVORmQwUm5XVVJXVWpCUVFWRklMMEpCVVVSQlowdHJUVUU0UjBFeFZXUkZkMFZDQ2k5M1VVWk5RVTFDUVdZNGQwUlJXVXBMYjFwSmFIWmpUa0ZSUlV4Q1VVRkVaMmRGUWtGSFRsaENXbFpOY1ZwclkxRXdSRWd3TkROWlZVb3dabFZOZDFZS09UZE5NbHAxYWpGd2RVSm9PRFkxVDFONlJWcFdTak5NYlROVVdqZFFLMDl6VFdOcGVsRmhURzFNVlRaRU0yVjVlRGx6U21jMldVaFdVaTlLTTA5aFVRcEpZa2wxYkhOdFJUQkVOVkpLYXpsVmVsazFOVFYyVGxZeGNGVlFSakE1ZEU1emNYbDBjMXBPU2xKUWNVczBkVTlyV25kS1MwY3JNM2xSUVRadlJHbDFDalpySzJSWFQwNVZUelJ3TXpVNVYzcDJWMjVYTkZsQlNsZzRSM1Z2YkRkMmNXSlpOMXBuWkV4d05sTXlVVE12ZFVzNWVFbE5NbVJsZG1Nd1VsZE9VRWdLVUhVd05HbFNNRTF3Tm1od2MwSkJWek0yZHpSdVIwTnJRU3RZVTBWTWMwNVJkM1ZDZFZoSVUyWm5hMW95VDNwNU9IVmtiRmgyYWxWelIyeFNVMk16WkFwTFQwZHpkbTlWV1hobVRESndiQzh2Wm10T09UZ3dTeklyWjJkVlozVkhiWGRXVVVzMGJEQklXWGxvZDI1dGRFUTFiMVpIVTJSb2VqZDBPRDBLTFMwdExTMUZUa1FnUTBWU1ZFbEdTVU5CVkVVdExTMHRMUW89JyAnbXktY2x1c3RlcicgLS1rdWJlbGV0LWV4dHJhLWFyZ3MgJycK",
            "vpc_classic_link_id": "",
            "vpc_classic_link_security_groups": []
          },
          "private": "bnVsbA==",
          "dependencies": [
            "module.eks.module.eks.aws_eks_cluster.eks",
            "module.eks.module.eks.aws_iam_instance_profile.node",
            "module.eks.module.eks.aws_iam_role.cluster",
            "module.eks.module.eks.aws_iam_role_policy_attachment.cluster-AmazonEKSClusterPolicy",
            "module.eks.module.eks.aws_iam_role_policy_attachment.cluster-AmazonEKSServicePolicy"
          ]
        }
      ]
    },
    {
      "module": "module.eks.module.eks.module.public-eks-nodes-asg",
      "mode": "managed",
      "type": "aws_launch_configuration",
      "name": "this",
      "each": "list",
      "provider": "module.eks.module.eks.provider.aws",
      "instances": [
        {
          "index_key": 0,
          "schema_version": 0,
          "attributes": {
            "arn": "arn:aws:autoscaling:eu-west-1:060948813048:launchConfiguration:638a209b-4792-494b-a4a2-2aa4fd5005fd:launchConfigurationName/my-cluster-node-public-lc-2020011206185774780000000b",
            "associate_public_ip_address": false,
            "ebs_block_device": [],
            "ebs_optimized": false,
            "enable_monitoring": true,
            "ephemeral_block_device": [],
            "iam_instance_profile": "my-cluster-eks-node-instance-profile",
            "id": "my-cluster-node-public-lc-2020011206185774780000000b",
            "image_id": "ami-0b9d2c11b47bd8264",
            "instance_type": "t3.medium",
            "key_name": "my-cluster",
            "name": "my-cluster-node-public-lc-2020011206185774780000000b",
            "name_prefix": "my-cluster-node-public-lc-",
            "placement_tenancy": "default",
            "root_block_device": [
              {
                "delete_on_termination": true,
                "encrypted": false,
                "iops": 0,
                "volume_size": 40,
                "volume_type": "gp2"
              }
            ],
            "security_groups": [
              "sg-0b8daa9029c658d1f"
            ],
            "spot_price": "",
            "user_data": "94ab377b9d724d4d958044f8d32c5b08d5fd6349",
            "user_data_base64": null,
            "vpc_classic_link_id": "",
            "vpc_classic_link_security_groups": []
          },
          "private": "bnVsbA==",
          "dependencies": [
            "module.eks.module.eks.aws_eks_cluster.eks",
            "module.eks.module.eks.aws_iam_instance_profile.node",
            "module.eks.module.eks.aws_iam_role.cluster",
            "module.eks.module.eks.aws_iam_role.node",
            "module.eks.module.eks.aws_iam_role_policy_attachment.cluster-AmazonEKSClusterPolicy",
            "module.eks.module.eks.aws_iam_role_policy_attachment.cluster-AmazonEKSServicePolicy",
            "module.eks.module.eks.aws_key_pair.deployer",
            "module.eks.module.eks.module.cluster-sg.aws_security_group.this",
            "module.eks.module.eks.module.cluster-sg.aws_security_group.this_name_prefix",
            "module.eks.module.eks.module.node-sg.aws_security_group.this",
            "module.eks.module.eks.module.node-sg.aws_security_group.this_name_prefix",
            "module.eks.module.eks.module.vpc.aws_vpc.this"
          ]
        }
      ]
    },
    {
      "module": "module.eks.module.eks.module.eks-nodes-asg",
      "mode": "managed",
      "type": "aws_launch_configuration",
      "name": "this",
      "each": "list",
      "provider": "module.eks.module.eks.provider.aws",
      "instances": [
        {
          "index_key": 0,
          "schema_version": 0,
          "attributes": {
            "arn": "arn:aws:autoscaling:eu-west-1:060948813048:launchConfiguration:6b283ad9-0e58-4883-87bc-287bde850ca7:launchConfigurationName/my-cluster-node-lc-2020011206185775080000000c",
            "associate_public_ip_address": false,
            "ebs_block_device": [],
            "ebs_optimized": false,
            "enable_monitoring": true,
            "ephemeral_block_device": [],
            "iam_instance_profile": "my-cluster-eks-node-instance-profile",
            "id": "my-cluster-node-lc-2020011206185775080000000c",
            "image_id": "ami-0b9d2c11b47bd8264",
            "instance_type": "t3.medium",
            "key_name": "my-cluster",
            "name": "my-cluster-node-lc-2020011206185775080000000c",
            "name_prefix": "my-cluster-node-lc-",
            "placement_tenancy": "default",
            "root_block_device": [
              {
                "delete_on_termination": true,
                "encrypted": false,
                "iops": 0,
                "volume_size": 40,
                "volume_type": "gp2"
              }
            ],
            "security_groups": [
              "sg-0b8daa9029c658d1f"
            ],
            "spot_price": "",
            "user_data": "94ab377b9d724d4d958044f8d32c5b08d5fd6349",
            "user_data_base64": null,
            "vpc_classic_link_id": "",
            "vpc_classic_link_security_groups": []
          },
          "private": "bnVsbA==",
          "dependencies": [
            "module.eks.module.eks.aws_eks_cluster.eks",
            "module.eks.module.eks.aws_iam_instance_profile.node",
            "module.eks.module.eks.aws_iam_role.cluster",
            "module.eks.module.eks.aws_iam_role.node",
            "module.eks.module.eks.aws_iam_role_policy_attachment.cluster-AmazonEKSClusterPolicy",
            "module.eks.module.eks.aws_iam_role_policy_attachment.cluster-AmazonEKSServicePolicy",
            "module.eks.module.eks.aws_key_pair.deployer",
            "module.eks.module.eks.module.cluster-sg.aws_security_group.this",
            "module.eks.module.eks.module.cluster-sg.aws_security_group.this_name_prefix",
            "module.eks.module.eks.module.node-sg.aws_security_group.this",
            "module.eks.module.eks.module.node-sg.aws_security_group.this_name_prefix",
            "module.eks.module.eks.module.vpc.aws_vpc.this"
          ]
        }
      ]
    },
    {
      "module": "module.eks.module.eks.module.bastion-asg",
      "mode": "managed",
      "type": "aws_launch_configuration",
      "name": "this",
      "each": "list",
      "provider": "module.eks.module.eks.provider.aws",
      "instances": [
        {
          "index_key": 0,
          "schema_version": 0,
          "attributes": {
            "arn": "arn:aws:autoscaling:eu-west-1:060948813048:launchConfiguration:508ea8cb-294a-4b37-808c-4499fa6fbaf7:launchConfigurationName/my-cluster-bastion-lc-20200112060837322700000009",
            "associate_public_ip_address": true,
            "ebs_block_device": [],
            "ebs_optimized": false,
            "enable_monitoring": true,
            "ephemeral_block_device": [],
            "iam_instance_profile": "",
            "id": "my-cluster-bastion-lc-20200112060837322700000009",
            "image_id": "ami-0713f98de93617bb4",
            "instance_type": "t2.small",
            "key_name": "my-cluster",
            "name": "my-cluster-bastion-lc-20200112060837322700000009",
            "name_prefix": "my-cluster-bastion-lc-",
            "placement_tenancy": "default",
            "root_block_device": [
              {
                "delete_on_termination": true,
                "encrypted": false,
                "iops": 0,
                "volume_size": 10,
                "volume_type": "gp2"
              }
            ],
            "security_groups": [
              "sg-0631ae54bf605201e"
            ],
            "spot_price": "",
            "user_data": "b858cb282617fb0956d960215c8e84d1ccf909c6",
            "user_data_base64": null,
            "vpc_classic_link_id": "",
            "vpc_classic_link_security_groups": []
          },
          "private": "bnVsbA==",
          "dependencies": [
            "module.eks.module.eks.aws_key_pair.deployer",
            "module.eks.module.eks.module.ssh_sg.aws_security_group.this",
            "module.eks.module.eks.module.ssh_sg.aws_security_group.this_name_prefix",
            "module.eks.module.eks.module.vpc.aws_vpc.this"
          ]
        }
      ]
    },
    {
      "module": "module.eks.module.eks.module.vpc",
      "mode": "managed",
      "type": "aws_nat_gateway",
      "name": "this",
      "each": "list",
      "provider": "module.eks.module.eks.provider.aws",
      "instances": [
        {
          "index_key": 0,
          "schema_version": 0,
          "attributes": {
            "allocation_id": "eipalloc-0c0b16be60ed16bb6",
            "id": "nat-0e6c5a88400a2a428",
            "network_interface_id": "eni-0463905be641605e7",
            "private_ip": "10.0.130.214",
            "public_ip": "52.17.8.59",
            "subnet_id": "subnet-0024412d4906323fd",
            "tags": {
              "Name": "my-cluster-vpc",
              "kubernetes.io/cluster/my-cluster": "shared",
              "sre_candidate": "tochukwu.nwoko"
            }
          },
          "private": "bnVsbA==",
          "dependencies": [
            "module.eks.module.eks.module.vpc.aws_eip.nat",
            "module.eks.module.eks.module.vpc.aws_internet_gateway.this",
            "module.eks.module.eks.module.vpc.aws_subnet.public",
            "module.eks.module.eks.module.vpc.aws_vpc.this",
            "module.eks.module.eks.module.vpc.aws_vpc_ipv4_cidr_block_association.this"
          ]
        },
        {
          "index_key": 1,
          "schema_version": 0,
          "attributes": {
            "allocation_id": "eipalloc-0c3aa578612a28772",
            "id": "nat-0e4f69ae021563acd",
            "network_interface_id": "eni-0cd16bb0751f43079",
            "private_ip": "10.0.157.48",
            "public_ip": "34.249.121.233",
            "subnet_id": "subnet-0c804e5973013f42f",
            "tags": {
              "Name": "my-cluster-vpc",
              "kubernetes.io/cluster/my-cluster": "shared",
              "sre_candidate": "tochukwu.nwoko"
            }
          },
          "private": "bnVsbA==",
          "dependencies": [
            "module.eks.module.eks.module.vpc.aws_eip.nat",
            "module.eks.module.eks.module.vpc.aws_internet_gateway.this",
            "module.eks.module.eks.module.vpc.aws_subnet.public",
            "module.eks.module.eks.module.vpc.aws_vpc.this",
            "module.eks.module.eks.module.vpc.aws_vpc_ipv4_cidr_block_association.this"
          ]
        },
        {
          "index_key": 2,
          "schema_version": 0,
          "attributes": {
            "allocation_id": "eipalloc-0e74a5d52a0651bab",
            "id": "nat-0ceef6444c5ae3e80",
            "network_interface_id": "eni-02ce4b6d12e941622",
            "private_ip": "10.0.163.208",
            "public_ip": "63.35.79.162",
            "subnet_id": "subnet-0f4289557786fe922",
            "tags": {
              "Name": "my-cluster-vpc",
              "kubernetes.io/cluster/my-cluster": "shared",
              "sre_candidate": "tochukwu.nwoko"
            }
          },
          "private": "bnVsbA==",
          "dependencies": [
            "module.eks.module.eks.module.vpc.aws_eip.nat",
            "module.eks.module.eks.module.vpc.aws_internet_gateway.this",
            "module.eks.module.eks.module.vpc.aws_subnet.public",
            "module.eks.module.eks.module.vpc.aws_vpc.this",
            "module.eks.module.eks.module.vpc.aws_vpc_ipv4_cidr_block_association.this"
          ]
        }
      ]
    },
    {
      "module": "module.eks.module.eks.module.vpc",
      "mode": "managed",
      "type": "aws_network_acl",
      "name": "database",
      "each": "list",
      "provider": "module.eks.module.eks.provider.aws",
      "instances": []
    },
    {
      "module": "module.eks.module.eks.module.vpc",
      "mode": "managed",
      "type": "aws_network_acl",
      "name": "elasticache",
      "each": "list",
      "provider": "module.eks.module.eks.provider.aws",
      "instances": []
    },
    {
      "module": "module.eks.module.eks.module.vpc",
      "mode": "managed",
      "type": "aws_network_acl",
      "name": "intra",
      "each": "list",
      "provider": "module.eks.module.eks.provider.aws",
      "instances": []
    },
    {
      "module": "module.eks.module.eks.module.vpc",
      "mode": "managed",
      "type": "aws_network_acl",
      "name": "private",
      "each": "list",
      "provider": "module.eks.module.eks.provider.aws",
      "instances": []
    },
    {
      "module": "module.eks.module.eks.module.vpc",
      "mode": "managed",
      "type": "aws_network_acl",
      "name": "public",
      "each": "list",
      "provider": "module.eks.module.eks.provider.aws",
      "instances": []
    },
    {
      "module": "module.eks.module.eks.module.vpc",
      "mode": "managed",
      "type": "aws_network_acl",
      "name": "redshift",
      "each": "list",
      "provider": "module.eks.module.eks.provider.aws",
      "instances": []
    },
    {
      "module": "module.eks.module.eks.module.vpc",
      "mode": "managed",
      "type": "aws_network_acl_rule",
      "name": "database_inbound",
      "each": "list",
      "provider": "module.eks.module.eks.provider.aws",
      "instances": []
    },
    {
      "module": "module.eks.module.eks.module.vpc",
      "mode": "managed",
      "type": "aws_network_acl_rule",
      "name": "database_outbound",
      "each": "list",
      "provider": "module.eks.module.eks.provider.aws",
      "instances": []
    },
    {
      "module": "module.eks.module.eks.module.vpc",
      "mode": "managed",
      "type": "aws_network_acl_rule",
      "name": "elasticache_inbound",
      "each": "list",
      "provider": "module.eks.module.eks.provider.aws",
      "instances": []
    },
    {
      "module": "module.eks.module.eks.module.vpc",
      "mode": "managed",
      "type": "aws_network_acl_rule",
      "name": "elasticache_outbound",
      "each": "list",
      "provider": "module.eks.module.eks.provider.aws",
      "instances": []
    },
    {
      "module": "module.eks.module.eks.module.vpc",
      "mode": "managed",
      "type": "aws_network_acl_rule",
      "name": "intra_inbound",
      "each": "list",
      "provider": "module.eks.module.eks.provider.aws",
      "instances": []
    },
    {
      "module": "module.eks.module.eks.module.vpc",
      "mode": "managed",
      "type": "aws_network_acl_rule",
      "name": "intra_outbound",
      "each": "list",
      "provider": "module.eks.module.eks.provider.aws",
      "instances": []
    },
    {
      "module": "module.eks.module.eks.module.vpc",
      "mode": "managed",
      "type": "aws_network_acl_rule",
      "name": "private_inbound",
      "each": "list",
      "provider": "module.eks.module.eks.provider.aws",
      "instances": []
    },
    {
      "module": "module.eks.module.eks.module.vpc",
      "mode": "managed",
      "type": "aws_network_acl_rule",
      "name": "private_outbound",
      "each": "list",
      "provider": "module.eks.module.eks.provider.aws",
      "instances": []
    },
    {
      "module": "module.eks.module.eks.module.vpc",
      "mode": "managed",
      "type": "aws_network_acl_rule",
      "name": "public_inbound",
      "each": "list",
      "provider": "module.eks.module.eks.provider.aws",
      "instances": []
    },
    {
      "module": "module.eks.module.eks.module.vpc",
      "mode": "managed",
      "type": "aws_network_acl_rule",
      "name": "public_outbound",
      "each": "list",
      "provider": "module.eks.module.eks.provider.aws",
      "instances": []
    },
    {
      "module": "module.eks.module.eks.module.vpc",
      "mode": "managed",
      "type": "aws_network_acl_rule",
      "name": "redshift_inbound",
      "each": "list",
      "provider": "module.eks.module.eks.provider.aws",
      "instances": []
    },
    {
      "module": "module.eks.module.eks.module.vpc",
      "mode": "managed",
      "type": "aws_network_acl_rule",
      "name": "redshift_outbound",
      "each": "list",
      "provider": "module.eks.module.eks.provider.aws",
      "instances": []
    },
    {
      "module": "module.eks.module.eks.module.vpc",
      "mode": "managed",
      "type": "aws_redshift_subnet_group",
      "name": "redshift",
      "each": "list",
      "provider": "module.eks.module.eks.provider.aws",
      "instances": []
    },
    {
      "module": "module.eks.module.eks.module.vpc",
      "mode": "managed",
      "type": "aws_route",
      "name": "database_internet_gateway",
      "each": "list",
      "provider": "module.eks.module.eks.provider.aws",
      "instances": []
    },
    {
      "module": "module.eks.module.eks.module.vpc",
      "mode": "managed",
      "type": "aws_route",
      "name": "database_nat_gateway",
      "each": "list",
      "provider": "module.eks.module.eks.provider.aws",
      "instances": []
    },
    {
      "module": "module.eks.module.eks.module.vpc",
      "mode": "managed",
      "type": "aws_route",
      "name": "private_nat_gateway",
      "each": "list",
      "provider": "module.eks.module.eks.provider.aws",
      "instances": [
        {
          "index_key": 0,
          "schema_version": 0,
          "attributes": {
            "destination_cidr_block": "0.0.0.0/0",
            "destination_ipv6_cidr_block": null,
            "destination_prefix_list_id": "",
            "egress_only_gateway_id": "",
            "gateway_id": "",
            "id": "r-rtb-0e6d594a510eb88821080289494",
            "instance_id": "",
            "instance_owner_id": "",
            "nat_gateway_id": "nat-0e6c5a88400a2a428",
            "network_interface_id": "",
            "origin": "CreateRoute",
            "route_table_id": "rtb-0e6d594a510eb8882",
            "state": "active",
            "timeouts": {
              "create": "5m",
              "delete": null
            },
            "transit_gateway_id": "",
            "vpc_peering_connection_id": ""
          },
          "private": "eyJlMmJmYjczMC1lY2FhLTExZTYtOGY4OC0zNDM2M2JjN2M0YzAiOnsiY3JlYXRlIjozMDAwMDAwMDAwMDAsImRlbGV0ZSI6MzAwMDAwMDAwMDAwfX0=",
          "dependencies": [
            "module.eks.module.eks.module.vpc.aws_eip.nat",
            "module.eks.module.eks.module.vpc.aws_internet_gateway.this",
            "module.eks.module.eks.module.vpc.aws_nat_gateway.this",
            "module.eks.module.eks.module.vpc.aws_route_table.private",
            "module.eks.module.eks.module.vpc.aws_subnet.public",
            "module.eks.module.eks.module.vpc.aws_vpc.this",
            "module.eks.module.eks.module.vpc.aws_vpc_ipv4_cidr_block_association.this"
          ]
        },
        {
          "index_key": 1,
          "schema_version": 0,
          "attributes": {
            "destination_cidr_block": "0.0.0.0/0",
            "destination_ipv6_cidr_block": null,
            "destination_prefix_list_id": "",
            "egress_only_gateway_id": "",
            "gateway_id": "",
            "id": "r-rtb-0016657a11b8132b31080289494",
            "instance_id": "",
            "instance_owner_id": "",
            "nat_gateway_id": "nat-0e4f69ae021563acd",
            "network_interface_id": "",
            "origin": "CreateRoute",
            "route_table_id": "rtb-0016657a11b8132b3",
            "state": "active",
            "timeouts": {
              "create": "5m",
              "delete": null
            },
            "transit_gateway_id": "",
            "vpc_peering_connection_id": ""
          },
          "private": "eyJlMmJmYjczMC1lY2FhLTExZTYtOGY4OC0zNDM2M2JjN2M0YzAiOnsiY3JlYXRlIjozMDAwMDAwMDAwMDAsImRlbGV0ZSI6MzAwMDAwMDAwMDAwfX0=",
          "dependencies": [
            "module.eks.module.eks.module.vpc.aws_eip.nat",
            "module.eks.module.eks.module.vpc.aws_internet_gateway.this",
            "module.eks.module.eks.module.vpc.aws_nat_gateway.this",
            "module.eks.module.eks.module.vpc.aws_route_table.private",
            "module.eks.module.eks.module.vpc.aws_subnet.public",
            "module.eks.module.eks.module.vpc.aws_vpc.this",
            "module.eks.module.eks.module.vpc.aws_vpc_ipv4_cidr_block_association.this"
          ]
        },
        {
          "index_key": 2,
          "schema_version": 0,
          "attributes": {
            "destination_cidr_block": "0.0.0.0/0",
            "destination_ipv6_cidr_block": null,
            "destination_prefix_list_id": "",
            "egress_only_gateway_id": "",
            "gateway_id": "",
            "id": "r-rtb-047af001d6227f0141080289494",
            "instance_id": "",
            "instance_owner_id": "",
            "nat_gateway_id": "nat-0ceef6444c5ae3e80",
            "network_interface_id": "",
            "origin": "CreateRoute",
            "route_table_id": "rtb-047af001d6227f014",
            "state": "active",
            "timeouts": {
              "create": "5m",
              "delete": null
            },
            "transit_gateway_id": "",
            "vpc_peering_connection_id": ""
          },
          "private": "eyJlMmJmYjczMC1lY2FhLTExZTYtOGY4OC0zNDM2M2JjN2M0YzAiOnsiY3JlYXRlIjozMDAwMDAwMDAwMDAsImRlbGV0ZSI6MzAwMDAwMDAwMDAwfX0=",
          "dependencies": [
            "module.eks.module.eks.module.vpc.aws_eip.nat",
            "module.eks.module.eks.module.vpc.aws_internet_gateway.this",
            "module.eks.module.eks.module.vpc.aws_nat_gateway.this",
            "module.eks.module.eks.module.vpc.aws_route_table.private",
            "module.eks.module.eks.module.vpc.aws_subnet.public",
            "module.eks.module.eks.module.vpc.aws_vpc.this",
            "module.eks.module.eks.module.vpc.aws_vpc_ipv4_cidr_block_association.this"
          ]
        }
      ]
    },
    {
      "module": "module.eks.module.eks.module.vpc",
      "mode": "managed",
      "type": "aws_route",
      "name": "public_internet_gateway",
      "each": "list",
      "provider": "module.eks.module.eks.provider.aws",
      "instances": [
        {
          "index_key": 0,
          "schema_version": 0,
          "attributes": {
            "destination_cidr_block": "0.0.0.0/0",
            "destination_ipv6_cidr_block": null,
            "destination_prefix_list_id": "",
            "egress_only_gateway_id": "",
            "gateway_id": "igw-0007e7556eb33166e",
            "id": "r-rtb-0310cbb3ac47b08ea1080289494",
            "instance_id": "",
            "instance_owner_id": "",
            "nat_gateway_id": "",
            "network_interface_id": "",
            "origin": "CreateRoute",
            "route_table_id": "rtb-0310cbb3ac47b08ea",
            "state": "active",
            "timeouts": {
              "create": "5m",
              "delete": null
            },
            "transit_gateway_id": "",
            "vpc_peering_connection_id": ""
          },
          "private": "eyJlMmJmYjczMC1lY2FhLTExZTYtOGY4OC0zNDM2M2JjN2M0YzAiOnsiY3JlYXRlIjozMDAwMDAwMDAwMDAsImRlbGV0ZSI6MzAwMDAwMDAwMDAwfX0=",
          "dependencies": [
            "module.eks.module.eks.module.vpc.aws_internet_gateway.this",
            "module.eks.module.eks.module.vpc.aws_route_table.public",
            "module.eks.module.eks.module.vpc.aws_vpc.this",
            "module.eks.module.eks.module.vpc.aws_vpc_ipv4_cidr_block_association.this"
          ]
        }
      ]
    },
    {
      "module": "module.eks.module.eks.module.vpc",
      "mode": "managed",
      "type": "aws_route_table",
      "name": "database",
      "each": "list",
      "provider": "module.eks.module.eks.provider.aws",
      "instances": []
    },
    {
      "module": "module.eks.module.eks.module.vpc",
      "mode": "managed",
      "type": "aws_route_table",
      "name": "elasticache",
      "each": "list",
      "provider": "module.eks.module.eks.provider.aws",
      "instances": []
    },
    {
      "module": "module.eks.module.eks.module.vpc",
      "mode": "managed",
      "type": "aws_route_table",
      "name": "intra",
      "each": "list",
      "provider": "module.eks.module.eks.provider.aws",
      "instances": []
    },
    {
      "module": "module.eks.module.eks.module.vpc",
      "mode": "managed",
      "type": "aws_route_table",
      "name": "private",
      "each": "list",
      "provider": "module.eks.module.eks.provider.aws",
      "instances": [
        {
          "index_key": 0,
          "schema_version": 0,
          "attributes": {
            "id": "rtb-0e6d594a510eb8882",
            "owner_id": "060948813048",
            "propagating_vgws": [],
            "route": [
              {
                "cidr_block": "0.0.0.0/0",
                "egress_only_gateway_id": "",
                "gateway_id": "",
                "instance_id": "",
                "ipv6_cidr_block": "",
                "nat_gateway_id": "nat-0e6c5a88400a2a428",
                "network_interface_id": "",
                "transit_gateway_id": "",
                "vpc_peering_connection_id": ""
              }
            ],
            "tags": {
              "Name": "my-cluster-vpc",
              "kubernetes.io/cluster/my-cluster": "shared",
              "sre_candidate": "tochukwu.nwoko"
            },
            "vpc_id": "vpc-078c29fedcea3f071"
          },
          "private": "bnVsbA==",
          "dependencies": [
            "module.eks.module.eks.module.vpc.aws_vpc.this",
            "module.eks.module.eks.module.vpc.aws_vpc_ipv4_cidr_block_association.this"
          ]
        },
        {
          "index_key": 1,
          "schema_version": 0,
          "attributes": {
            "id": "rtb-0016657a11b8132b3",
            "owner_id": "060948813048",
            "propagating_vgws": [],
            "route": [
              {
                "cidr_block": "0.0.0.0/0",
                "egress_only_gateway_id": "",
                "gateway_id": "",
                "instance_id": "",
                "ipv6_cidr_block": "",
                "nat_gateway_id": "nat-0e4f69ae021563acd",
                "network_interface_id": "",
                "transit_gateway_id": "",
                "vpc_peering_connection_id": ""
              }
            ],
            "tags": {
              "Name": "my-cluster-vpc",
              "kubernetes.io/cluster/my-cluster": "shared",
              "sre_candidate": "tochukwu.nwoko"
            },
            "vpc_id": "vpc-078c29fedcea3f071"
          },
          "private": "bnVsbA==",
          "dependencies": [
            "module.eks.module.eks.module.vpc.aws_vpc.this",
            "module.eks.module.eks.module.vpc.aws_vpc_ipv4_cidr_block_association.this"
          ]
        },
        {
          "index_key": 2,
          "schema_version": 0,
          "attributes": {
            "id": "rtb-047af001d6227f014",
            "owner_id": "060948813048",
            "propagating_vgws": [],
            "route": [
              {
                "cidr_block": "0.0.0.0/0",
                "egress_only_gateway_id": "",
                "gateway_id": "",
                "instance_id": "",
                "ipv6_cidr_block": "",
                "nat_gateway_id": "nat-0ceef6444c5ae3e80",
                "network_interface_id": "",
                "transit_gateway_id": "",
                "vpc_peering_connection_id": ""
              }
            ],
            "tags": {
              "Name": "my-cluster-vpc",
              "kubernetes.io/cluster/my-cluster": "shared",
              "sre_candidate": "tochukwu.nwoko"
            },
            "vpc_id": "vpc-078c29fedcea3f071"
          },
          "private": "bnVsbA==",
          "dependencies": [
            "module.eks.module.eks.module.vpc.aws_vpc.this",
            "module.eks.module.eks.module.vpc.aws_vpc_ipv4_cidr_block_association.this"
          ]
        }
      ]
    },
    {
      "module": "module.eks.module.eks.module.vpc",
      "mode": "managed",
      "type": "aws_route_table",
      "name": "public",
      "each": "list",
      "provider": "module.eks.module.eks.provider.aws",
      "instances": [
        {
          "index_key": 0,
          "schema_version": 0,
          "attributes": {
            "id": "rtb-0310cbb3ac47b08ea",
            "owner_id": "060948813048",
            "propagating_vgws": [],
            "route": [
              {
                "cidr_block": "0.0.0.0/0",
                "egress_only_gateway_id": "",
                "gateway_id": "igw-0007e7556eb33166e",
                "instance_id": "",
                "ipv6_cidr_block": "",
                "nat_gateway_id": "",
                "network_interface_id": "",
                "transit_gateway_id": "",
                "vpc_peering_connection_id": ""
              }
            ],
            "tags": {
              "Name": "my-cluster-vpc",
              "kubernetes.io/cluster/my-cluster": "shared",
              "sre_candidate": "tochukwu.nwoko"
            },
            "vpc_id": "vpc-078c29fedcea3f071"
          },
          "private": "bnVsbA==",
          "dependencies": [
            "module.eks.module.eks.module.vpc.aws_vpc.this",
            "module.eks.module.eks.module.vpc.aws_vpc_ipv4_cidr_block_association.this"
          ]
        }
      ]
    },
    {
      "module": "module.eks.module.eks.module.vpc",
      "mode": "managed",
      "type": "aws_route_table",
      "name": "redshift",
      "each": "list",
      "provider": "module.eks.module.eks.provider.aws",
      "instances": []
    },
    {
      "module": "module.eks.module.eks.module.vpc",
      "mode": "managed",
      "type": "aws_route_table_association",
      "name": "database",
      "each": "list",
      "provider": "module.eks.module.eks.provider.aws",
      "instances": [
        {
          "index_key": 0,
          "schema_version": 0,
          "attributes": {
            "gateway_id": null,
            "id": "rtbassoc-0bde9e9a03bd840e1",
            "route_table_id": "rtb-0e6d594a510eb8882",
            "subnet_id": "subnet-01ac527a2fa7cb593"
          },
          "private": "bnVsbA==",
          "dependencies": [
            "module.eks.module.eks.module.vpc.aws_route_table.database",
            "module.eks.module.eks.module.vpc.aws_route_table.private",
            "module.eks.module.eks.module.vpc.aws_subnet.database",
            "module.eks.module.eks.module.vpc.aws_vpc.this",
            "module.eks.module.eks.module.vpc.aws_vpc_ipv4_cidr_block_association.this"
          ]
        },
        {
          "index_key": 1,
          "schema_version": 0,
          "attributes": {
            "gateway_id": null,
            "id": "rtbassoc-008840e92732ec5b0",
            "route_table_id": "rtb-0016657a11b8132b3",
            "subnet_id": "subnet-019ff8f01b567fdfd"
          },
          "private": "bnVsbA==",
          "dependencies": [
            "module.eks.module.eks.module.vpc.aws_route_table.database",
            "module.eks.module.eks.module.vpc.aws_route_table.private",
            "module.eks.module.eks.module.vpc.aws_subnet.database",
            "module.eks.module.eks.module.vpc.aws_vpc.this",
            "module.eks.module.eks.module.vpc.aws_vpc_ipv4_cidr_block_association.this"
          ]
        },
        {
          "index_key": 2,
          "schema_version": 0,
          "attributes": {
            "gateway_id": null,
            "id": "rtbassoc-011cec2bc260f0d89",
            "route_table_id": "rtb-047af001d6227f014",
            "subnet_id": "subnet-0dab626f3fd6441d9"
          },
          "private": "bnVsbA==",
          "dependencies": [
            "module.eks.module.eks.module.vpc.aws_route_table.database",
            "module.eks.module.eks.module.vpc.aws_route_table.private",
            "module.eks.module.eks.module.vpc.aws_subnet.database",
            "module.eks.module.eks.module.vpc.aws_vpc.this",
            "module.eks.module.eks.module.vpc.aws_vpc_ipv4_cidr_block_association.this"
          ]
        }
      ]
    },
    {
      "module": "module.eks.module.eks.module.vpc",
      "mode": "managed",
      "type": "aws_route_table_association",
      "name": "elasticache",
      "each": "list",
      "provider": "module.eks.module.eks.provider.aws",
      "instances": []
    },
    {
      "module": "module.eks.module.eks.module.vpc",
      "mode": "managed",
      "type": "aws_route_table_association",
      "name": "intra",
      "each": "list",
      "provider": "module.eks.module.eks.provider.aws",
      "instances": []
    },
    {
      "module": "module.eks.module.eks.module.vpc",
      "mode": "managed",
      "type": "aws_route_table_association",
      "name": "private",
      "each": "list",
      "provider": "module.eks.module.eks.provider.aws",
      "instances": [
        {
          "index_key": 0,
          "schema_version": 0,
          "attributes": {
            "gateway_id": null,
            "id": "rtbassoc-052c6c7353ceea32d",
            "route_table_id": "rtb-0e6d594a510eb8882",
            "subnet_id": "subnet-0e299d7e09c50065f"
          },
          "private": "bnVsbA==",
          "dependencies": [
            "module.eks.module.eks.module.vpc.aws_route_table.private",
            "module.eks.module.eks.module.vpc.aws_subnet.private",
            "module.eks.module.eks.module.vpc.aws_vpc.this",
            "module.eks.module.eks.module.vpc.aws_vpc_ipv4_cidr_block_association.this"
          ]
        },
        {
          "index_key": 1,
          "schema_version": 0,
          "attributes": {
            "gateway_id": null,
            "id": "rtbassoc-0485a58fd24ac9d01",
            "route_table_id": "rtb-0016657a11b8132b3",
            "subnet_id": "subnet-0c696af793062237a"
          },
          "private": "bnVsbA==",
          "dependencies": [
            "module.eks.module.eks.module.vpc.aws_route_table.private",
            "module.eks.module.eks.module.vpc.aws_subnet.private",
            "module.eks.module.eks.module.vpc.aws_vpc.this",
            "module.eks.module.eks.module.vpc.aws_vpc_ipv4_cidr_block_association.this"
          ]
        },
        {
          "index_key": 2,
          "schema_version": 0,
          "attributes": {
            "gateway_id": null,
            "id": "rtbassoc-0fcb1a02d7df75e79",
            "route_table_id": "rtb-047af001d6227f014",
            "subnet_id": "subnet-0baea8eb7f5d37d5d"
          },
          "private": "bnVsbA==",
          "dependencies": [
            "module.eks.module.eks.module.vpc.aws_route_table.private",
            "module.eks.module.eks.module.vpc.aws_subnet.private",
            "module.eks.module.eks.module.vpc.aws_vpc.this",
            "module.eks.module.eks.module.vpc.aws_vpc_ipv4_cidr_block_association.this"
          ]
        }
      ]
    },
    {
      "module": "module.eks.module.eks.module.vpc",
      "mode": "managed",
      "type": "aws_route_table_association",
      "name": "public",
      "each": "list",
      "provider": "module.eks.module.eks.provider.aws",
      "instances": [
        {
          "index_key": 0,
          "schema_version": 0,
          "attributes": {
            "gateway_id": null,
            "id": "rtbassoc-0bc509087af52e4e6",
            "route_table_id": "rtb-0310cbb3ac47b08ea",
            "subnet_id": "subnet-0024412d4906323fd"
          },
          "private": "bnVsbA==",
          "dependencies": [
            "module.eks.module.eks.module.vpc.aws_route_table.public",
            "module.eks.module.eks.module.vpc.aws_subnet.public",
            "module.eks.module.eks.module.vpc.aws_vpc.this",
            "module.eks.module.eks.module.vpc.aws_vpc_ipv4_cidr_block_association.this"
          ]
        },
        {
          "index_key": 1,
          "schema_version": 0,
          "attributes": {
            "gateway_id": null,
            "id": "rtbassoc-047e0c0be607e4952",
            "route_table_id": "rtb-0310cbb3ac47b08ea",
            "subnet_id": "subnet-0c804e5973013f42f"
          },
          "private": "bnVsbA==",
          "dependencies": [
            "module.eks.module.eks.module.vpc.aws_route_table.public",
            "module.eks.module.eks.module.vpc.aws_subnet.public",
            "module.eks.module.eks.module.vpc.aws_vpc.this",
            "module.eks.module.eks.module.vpc.aws_vpc_ipv4_cidr_block_association.this"
          ]
        },
        {
          "index_key": 2,
          "schema_version": 0,
          "attributes": {
            "gateway_id": null,
            "id": "rtbassoc-041f9c969e4f356e6",
            "route_table_id": "rtb-0310cbb3ac47b08ea",
            "subnet_id": "subnet-0f4289557786fe922"
          },
          "private": "bnVsbA==",
          "dependencies": [
            "module.eks.module.eks.module.vpc.aws_route_table.public",
            "module.eks.module.eks.module.vpc.aws_subnet.public",
            "module.eks.module.eks.module.vpc.aws_vpc.this",
            "module.eks.module.eks.module.vpc.aws_vpc_ipv4_cidr_block_association.this"
          ]
        }
      ]
    },
    {
      "module": "module.eks.module.eks.module.vpc",
      "mode": "managed",
      "type": "aws_route_table_association",
      "name": "redshift",
      "each": "list",
      "provider": "module.eks.module.eks.provider.aws",
      "instances": []
    },
    {
      "module": "module.eks.module.eks.module.vpc",
      "mode": "managed",
      "type": "aws_route_table_association",
      "name": "redshift_public",
      "each": "list",
      "provider": "module.eks.module.eks.provider.aws",
      "instances": []
    },
    {
      "module": "module.eks.module.eks.module.cluster-sg",
      "mode": "managed",
      "type": "aws_security_group",
      "name": "this",
      "each": "list",
      "provider": "module.eks.module.eks.provider.aws",
      "instances": []
    },
    {
      "module": "module.eks.module.eks.module.ssh_sg",
      "mode": "managed",
      "type": "aws_security_group",
      "name": "this",
      "each": "list",
      "provider": "module.eks.module.eks.provider.aws",
      "instances": []
    },
    {
      "module": "module.eks.module.eks.module.node-sg",
      "mode": "managed",
      "type": "aws_security_group",
      "name": "this",
      "each": "list",
      "provider": "module.eks.module.eks.provider.aws",
      "instances": []
    },
    {
      "module": "module.eks.module.eks.module.cluster-sg",
      "mode": "managed",
      "type": "aws_security_group",
      "name": "this_name_prefix",
      "each": "list",
      "provider": "module.eks.module.eks.provider.aws",
      "instances": [
        {
          "index_key": 0,
          "schema_version": 1,
          "attributes": {
            "arn": "arn:aws:ec2:eu-west-1:060948813048:security-group/sg-007a47fc8ffd7a5a4",
            "description": "EKS node security groups",
            "egress": [
              {
                "cidr_blocks": [
                  "0.0.0.0/0"
                ],
                "description": "All protocols",
                "from_port": 0,
                "ipv6_cidr_blocks": [
                  "::/0"
                ],
                "prefix_list_ids": [],
                "protocol": "-1",
                "security_groups": [],
                "self": false,
                "to_port": 0
              }
            ],
            "id": "sg-007a47fc8ffd7a5a4",
            "ingress": [
              {
                "cidr_blocks": [
                  "0.0.0.0/0"
                ],
                "description": "SSH",
                "from_port": 22,
                "ipv6_cidr_blocks": [],
                "prefix_list_ids": [],
                "protocol": "tcp",
                "security_groups": [],
                "self": false,
                "to_port": 22
              },
              {
                "cidr_blocks": [],
                "description": "Allow pods to communicate with the cluster API Server",
                "from_port": 443,
                "ipv6_cidr_blocks": [],
                "prefix_list_ids": [],
                "protocol": "tcp",
                "security_groups": [
                  "sg-0b8daa9029c658d1f"
                ],
                "self": false,
                "to_port": 443
              }
            ],
            "name": "cluster-sg-20200112060825258300000008",
            "name_prefix": "cluster-sg-",
            "owner_id": "060948813048",
            "revoke_rules_on_delete": false,
            "tags": {
              "Name": "cluster-sg",
              "sre_candidate": "tochukwu.nwoko"
            },
            "timeouts": null,
            "vpc_id": "vpc-078c29fedcea3f071"
          },
          "private": "eyJlMmJmYjczMC1lY2FhLTExZTYtOGY4OC0zNDM2M2JjN2M0YzAiOnsiY3JlYXRlIjo2MDAwMDAwMDAwMDAsImRlbGV0ZSI6NjAwMDAwMDAwMDAwfSwic2NoZW1hX3ZlcnNpb24iOiIxIn0=",
          "dependencies": [
            "module.eks.module.eks.module.vpc.aws_vpc.this"
          ]
        }
      ]
    },
    {
      "module": "module.eks.module.eks.module.ssh_sg",
      "mode": "managed",
      "type": "aws_security_group",
      "name": "this_name_prefix",
      "each": "list",
      "provider": "module.eks.module.eks.provider.aws",
      "instances": [
        {
          "index_key": 0,
          "schema_version": 1,
          "attributes": {
            "arn": "arn:aws:ec2:eu-west-1:060948813048:security-group/sg-0631ae54bf605201e",
            "description": "Security group which is to allow SSH from Bastion",
            "egress": [
              {
                "cidr_blocks": [
                  "0.0.0.0/0"
                ],
                "description": "All protocols",
                "from_port": 0,
                "ipv6_cidr_blocks": [
                  "::/0"
                ],
                "prefix_list_ids": [],
                "protocol": "-1",
                "security_groups": [],
                "self": false,
                "to_port": 0
              }
            ],
            "id": "sg-0631ae54bf605201e",
            "ingress": [
              {
                "cidr_blocks": [
                  "197.210.0.0/16"
                ],
                "description": "SSH",
                "from_port": 22,
                "ipv6_cidr_blocks": [],
                "prefix_list_ids": [],
                "protocol": "tcp",
                "security_groups": [],
                "self": false,
                "to_port": 22
              }
            ],
            "name": "ssh-sg-20200112060825258300000006",
            "name_prefix": "ssh-sg-",
            "owner_id": "060948813048",
            "revoke_rules_on_delete": false,
            "tags": {
              "Name": "ssh-sg"
            },
            "timeouts": null,
            "vpc_id": "vpc-078c29fedcea3f071"
          },
          "private": "eyJlMmJmYjczMC1lY2FhLTExZTYtOGY4OC0zNDM2M2JjN2M0YzAiOnsiY3JlYXRlIjo2MDAwMDAwMDAwMDAsImRlbGV0ZSI6NjAwMDAwMDAwMDAwfSwic2NoZW1hX3ZlcnNpb24iOiIxIn0=",
          "dependencies": [
            "module.eks.module.eks.module.vpc.aws_vpc.this"
          ]
        }
      ]
    },
    {
      "module": "module.eks.module.eks.module.node-sg",
      "mode": "managed",
      "type": "aws_security_group",
      "name": "this_name_prefix",
      "each": "list",
      "provider": "module.eks.module.eks.provider.aws",
      "instances": [
        {
          "index_key": 0,
          "schema_version": 1,
          "attributes": {
            "arn": "arn:aws:ec2:eu-west-1:060948813048:security-group/sg-0b8daa9029c658d1f",
            "description": "EKS node security groups",
            "egress": [
              {
                "cidr_blocks": [
                  "0.0.0.0/0"
                ],
                "description": "All protocols",
                "from_port": 0,
                "ipv6_cidr_blocks": [
                  "::/0"
                ],
                "prefix_list_ids": [],
                "protocol": "-1",
                "security_groups": [],
                "self": false,
                "to_port": 0
              }
            ],
            "id": "sg-0b8daa9029c658d1f",
            "ingress": [
              {
                "cidr_blocks": [],
                "description": "",
                "from_port": 0,
                "ipv6_cidr_blocks": [],
                "prefix_list_ids": [],
                "protocol": "tcp",
                "security_groups": [
                  "sg-04800dbc0c5d8796f"
                ],
                "self": false,
                "to_port": 65535
              },
              {
                "cidr_blocks": [],
                "description": "Accept traffic from load balancer security group",
                "from_port": 0,
                "ipv6_cidr_blocks": [],
                "prefix_list_ids": [],
                "protocol": "-1",
                "security_groups": [
                  "sg-0631ae54bf605201e"
                ],
                "self": false,
                "to_port": 0
              },
              {
                "cidr_blocks": [],
                "description": "Allow EKS Control Plane",
                "from_port": 1025,
                "ipv6_cidr_blocks": [],
                "prefix_list_ids": [],
                "protocol": "tcp",
                "security_groups": [
                  "sg-007a47fc8ffd7a5a4"
                ],
                "self": false,
                "to_port": 65535
              },
              {
                "cidr_blocks": [],
                "description": "Ingress Rule",
                "from_port": 0,
                "ipv6_cidr_blocks": [],
                "prefix_list_ids": [],
                "protocol": "-1",
                "security_groups": [],
                "self": true,
                "to_port": 0
              }
            ],
            "name": "node-sg-20200112060825258300000007",
            "name_prefix": "node-sg-",
            "owner_id": "060948813048",
            "revoke_rules_on_delete": false,
            "tags": {
              "Name": "node-sg",
              "kubernetes.io/cluster/my-cluster": "owned",
              "sre_candidate": "tochukwu.nwoko"
            },
            "timeouts": null,
            "vpc_id": "vpc-078c29fedcea3f071"
          },
          "private": "eyJlMmJmYjczMC1lY2FhLTExZTYtOGY4OC0zNDM2M2JjN2M0YzAiOnsiY3JlYXRlIjo2MDAwMDAwMDAwMDAsImRlbGV0ZSI6NjAwMDAwMDAwMDAwfSwic2NoZW1hX3ZlcnNpb24iOiIxIn0=",
          "dependencies": [
            "module.eks.module.eks.module.vpc.aws_vpc.this"
          ]
        }
      ]
    },
    {
      "module": "module.eks.module.eks.module.cluster-sg",
      "mode": "managed",
      "type": "aws_security_group_rule",
      "name": "computed_egress_rules",
      "each": "list",
      "provider": "module.eks.module.eks.provider.aws",
      "instances": []
    },
    {
      "module": "module.eks.module.eks.module.ssh_sg",
      "mode": "managed",
      "type": "aws_security_group_rule",
      "name": "computed_egress_rules",
      "each": "list",
      "provider": "module.eks.module.eks.provider.aws",
      "instances": []
    },
    {
      "module": "module.eks.module.eks.module.node-sg",
      "mode": "managed",
      "type": "aws_security_group_rule",
      "name": "computed_egress_rules",
      "each": "list",
      "provider": "module.eks.module.eks.provider.aws",
      "instances": []
    },
    {
      "module": "module.eks.module.eks.module.cluster-sg",
      "mode": "managed",
      "type": "aws_security_group_rule",
      "name": "computed_egress_with_cidr_blocks",
      "each": "list",
      "provider": "module.eks.module.eks.provider.aws",
      "instances": []
    },
    {
      "module": "module.eks.module.eks.module.ssh_sg",
      "mode": "managed",
      "type": "aws_security_group_rule",
      "name": "computed_egress_with_cidr_blocks",
      "each": "list",
      "provider": "module.eks.module.eks.provider.aws",
      "instances": []
    },
    {
      "module": "module.eks.module.eks.module.node-sg",
      "mode": "managed",
      "type": "aws_security_group_rule",
      "name": "computed_egress_with_cidr_blocks",
      "each": "list",
      "provider": "module.eks.module.eks.provider.aws",
      "instances": []
    },
    {
      "module": "module.eks.module.eks.module.cluster-sg",
      "mode": "managed",
      "type": "aws_security_group_rule",
      "name": "computed_egress_with_ipv6_cidr_blocks",
      "each": "list",
      "provider": "module.eks.module.eks.provider.aws",
      "instances": []
    },
    {
      "module": "module.eks.module.eks.module.ssh_sg",
      "mode": "managed",
      "type": "aws_security_group_rule",
      "name": "computed_egress_with_ipv6_cidr_blocks",
      "each": "list",
      "provider": "module.eks.module.eks.provider.aws",
      "instances": []
    },
    {
      "module": "module.eks.module.eks.module.node-sg",
      "mode": "managed",
      "type": "aws_security_group_rule",
      "name": "computed_egress_with_ipv6_cidr_blocks",
      "each": "list",
      "provider": "module.eks.module.eks.provider.aws",
      "instances": []
    },
    {
      "module": "module.eks.module.eks.module.cluster-sg",
      "mode": "managed",
      "type": "aws_security_group_rule",
      "name": "computed_egress_with_self",
      "each": "list",
      "provider": "module.eks.module.eks.provider.aws",
      "instances": []
    },
    {
      "module": "module.eks.module.eks.module.ssh_sg",
      "mode": "managed",
      "type": "aws_security_group_rule",
      "name": "computed_egress_with_self",
      "each": "list",
      "provider": "module.eks.module.eks.provider.aws",
      "instances": []
    },
    {
      "module": "module.eks.module.eks.module.node-sg",
      "mode": "managed",
      "type": "aws_security_group_rule",
      "name": "computed_egress_with_self",
      "each": "list",
      "provider": "module.eks.module.eks.provider.aws",
      "instances": []
    },
    {
      "module": "module.eks.module.eks.module.cluster-sg",
      "mode": "managed",
      "type": "aws_security_group_rule",
      "name": "computed_egress_with_source_security_group_id",
      "each": "list",
      "provider": "module.eks.module.eks.provider.aws",
      "instances": []
    },
    {
      "module": "module.eks.module.eks.module.ssh_sg",
      "mode": "managed",
      "type": "aws_security_group_rule",
      "name": "computed_egress_with_source_security_group_id",
      "each": "list",
      "provider": "module.eks.module.eks.provider.aws",
      "instances": []
    },
    {
      "module": "module.eks.module.eks.module.node-sg",
      "mode": "managed",
      "type": "aws_security_group_rule",
      "name": "computed_egress_with_source_security_group_id",
      "each": "list",
      "provider": "module.eks.module.eks.provider.aws",
      "instances": []
    },
    {
      "module": "module.eks.module.eks.module.cluster-sg",
      "mode": "managed",
      "type": "aws_security_group_rule",
      "name": "computed_ingress_rules",
      "each": "list",
      "provider": "module.eks.module.eks.provider.aws",
      "instances": []
    },
    {
      "module": "module.eks.module.eks.module.ssh_sg",
      "mode": "managed",
      "type": "aws_security_group_rule",
      "name": "computed_ingress_rules",
      "each": "list",
      "provider": "module.eks.module.eks.provider.aws",
      "instances": []
    },
    {
      "module": "module.eks.module.eks.module.node-sg",
      "mode": "managed",
      "type": "aws_security_group_rule",
      "name": "computed_ingress_rules",
      "each": "list",
      "provider": "module.eks.module.eks.provider.aws",
      "instances": []
    },
    {
      "module": "module.eks.module.eks.module.cluster-sg",
      "mode": "managed",
      "type": "aws_security_group_rule",
      "name": "computed_ingress_with_cidr_blocks",
      "each": "list",
      "provider": "module.eks.module.eks.provider.aws",
      "instances": []
    },
    {
      "module": "module.eks.module.eks.module.ssh_sg",
      "mode": "managed",
      "type": "aws_security_group_rule",
      "name": "computed_ingress_with_cidr_blocks",
      "each": "list",
      "provider": "module.eks.module.eks.provider.aws",
      "instances": []
    },
    {
      "module": "module.eks.module.eks.module.node-sg",
      "mode": "managed",
      "type": "aws_security_group_rule",
      "name": "computed_ingress_with_cidr_blocks",
      "each": "list",
      "provider": "module.eks.module.eks.provider.aws",
      "instances": []
    },
    {
      "module": "module.eks.module.eks.module.cluster-sg",
      "mode": "managed",
      "type": "aws_security_group_rule",
      "name": "computed_ingress_with_ipv6_cidr_blocks",
      "each": "list",
      "provider": "module.eks.module.eks.provider.aws",
      "instances": []
    },
    {
      "module": "module.eks.module.eks.module.ssh_sg",
      "mode": "managed",
      "type": "aws_security_group_rule",
      "name": "computed_ingress_with_ipv6_cidr_blocks",
      "each": "list",
      "provider": "module.eks.module.eks.provider.aws",
      "instances": []
    },
    {
      "module": "module.eks.module.eks.module.node-sg",
      "mode": "managed",
      "type": "aws_security_group_rule",
      "name": "computed_ingress_with_ipv6_cidr_blocks",
      "each": "list",
      "provider": "module.eks.module.eks.provider.aws",
      "instances": []
    },
    {
      "module": "module.eks.module.eks.module.cluster-sg",
      "mode": "managed",
      "type": "aws_security_group_rule",
      "name": "computed_ingress_with_self",
      "each": "list",
      "provider": "module.eks.module.eks.provider.aws",
      "instances": []
    },
    {
      "module": "module.eks.module.eks.module.ssh_sg",
      "mode": "managed",
      "type": "aws_security_group_rule",
      "name": "computed_ingress_with_self",
      "each": "list",
      "provider": "module.eks.module.eks.provider.aws",
      "instances": []
    },
    {
      "module": "module.eks.module.eks.module.node-sg",
      "mode": "managed",
      "type": "aws_security_group_rule",
      "name": "computed_ingress_with_self",
      "each": "list",
      "provider": "module.eks.module.eks.provider.aws",
      "instances": []
    },
    {
      "module": "module.eks.module.eks.module.cluster-sg",
      "mode": "managed",
      "type": "aws_security_group_rule",
      "name": "computed_ingress_with_source_security_group_id",
      "each": "list",
      "provider": "module.eks.module.eks.provider.aws",
      "instances": [
        {
          "index_key": 0,
          "schema_version": 2,
          "attributes": {
            "cidr_blocks": [],
            "description": "Allow pods to communicate with the cluster API Server",
            "from_port": 443,
            "id": "sgrule-1926888594",
            "ipv6_cidr_blocks": [],
            "prefix_list_ids": [],
            "protocol": "tcp",
            "security_group_id": "sg-007a47fc8ffd7a5a4",
            "self": false,
            "source_security_group_id": "sg-0b8daa9029c658d1f",
            "to_port": 443,
            "type": "ingress"
          },
          "private": "eyJzY2hlbWFfdmVyc2lvbiI6IjIifQ==",
          "dependencies": [
            "module.eks.module.eks.module.cluster-sg.aws_security_group.this",
            "module.eks.module.eks.module.cluster-sg.aws_security_group.this_name_prefix",
            "module.eks.module.eks.module.node-sg.aws_security_group.this",
            "module.eks.module.eks.module.node-sg.aws_security_group.this_name_prefix",
            "module.eks.module.eks.module.vpc.aws_vpc.this"
          ]
        }
      ]
    },
    {
      "module": "module.eks.module.eks.module.ssh_sg",
      "mode": "managed",
      "type": "aws_security_group_rule",
      "name": "computed_ingress_with_source_security_group_id",
      "each": "list",
      "provider": "module.eks.module.eks.provider.aws",
      "instances": []
    },
    {
      "module": "module.eks.module.eks.module.node-sg",
      "mode": "managed",
      "type": "aws_security_group_rule",
      "name": "computed_ingress_with_source_security_group_id",
      "each": "list",
      "provider": "module.eks.module.eks.provider.aws",
      "instances": [
        {
          "index_key": 0,
          "schema_version": 2,
          "attributes": {
            "cidr_blocks": [],
            "description": "Allow EKS Control Plane",
            "from_port": 1025,
            "id": "sgrule-1347056000",
            "ipv6_cidr_blocks": [],
            "prefix_list_ids": [],
            "protocol": "tcp",
            "security_group_id": "sg-0b8daa9029c658d1f",
            "self": false,
            "source_security_group_id": "sg-007a47fc8ffd7a5a4",
            "to_port": 65535,
            "type": "ingress"
          },
          "private": "eyJzY2hlbWFfdmVyc2lvbiI6IjIifQ==",
          "dependencies": [
            "module.eks.module.eks.module.cluster-sg.aws_security_group.this",
            "module.eks.module.eks.module.cluster-sg.aws_security_group.this_name_prefix",
            "module.eks.module.eks.module.node-sg.aws_security_group.this",
            "module.eks.module.eks.module.node-sg.aws_security_group.this_name_prefix",
            "module.eks.module.eks.module.vpc.aws_vpc.this"
          ]
        }
      ]
    },
    {
      "module": "module.eks.module.eks.module.cluster-sg",
      "mode": "managed",
      "type": "aws_security_group_rule",
      "name": "egress_rules",
      "each": "list",
      "provider": "module.eks.module.eks.provider.aws",
      "instances": [
        {
          "index_key": 0,
          "schema_version": 2,
          "attributes": {
            "cidr_blocks": [
              "0.0.0.0/0"
            ],
            "description": "All protocols",
            "from_port": 0,
            "id": "sgrule-4218848157",
            "ipv6_cidr_blocks": [
              "::/0"
            ],
            "prefix_list_ids": [],
            "protocol": "-1",
            "security_group_id": "sg-007a47fc8ffd7a5a4",
            "self": false,
            "source_security_group_id": null,
            "to_port": 0,
            "type": "egress"
          },
          "private": "eyJzY2hlbWFfdmVyc2lvbiI6IjIifQ==",
          "dependencies": [
            "module.eks.module.eks.module.cluster-sg.aws_security_group.this",
            "module.eks.module.eks.module.cluster-sg.aws_security_group.this_name_prefix",
            "module.eks.module.eks.module.vpc.aws_vpc.this"
          ]
        }
      ]
    },
    {
      "module": "module.eks.module.eks.module.ssh_sg",
      "mode": "managed",
      "type": "aws_security_group_rule",
      "name": "egress_rules",
      "each": "list",
      "provider": "module.eks.module.eks.provider.aws",
      "instances": [
        {
          "index_key": 0,
          "schema_version": 2,
          "attributes": {
            "cidr_blocks": [
              "0.0.0.0/0"
            ],
            "description": "All protocols",
            "from_port": 0,
            "id": "sgrule-2690509875",
            "ipv6_cidr_blocks": [
              "::/0"
            ],
            "prefix_list_ids": [],
            "protocol": "-1",
            "security_group_id": "sg-0631ae54bf605201e",
            "self": false,
            "source_security_group_id": null,
            "to_port": 0,
            "type": "egress"
          },
          "private": "eyJzY2hlbWFfdmVyc2lvbiI6IjIifQ==",
          "dependencies": [
            "module.eks.module.eks.module.ssh_sg.aws_security_group.this",
            "module.eks.module.eks.module.ssh_sg.aws_security_group.this_name_prefix",
            "module.eks.module.eks.module.vpc.aws_vpc.this"
          ]
        }
      ]
    },
    {
      "module": "module.eks.module.eks.module.node-sg",
      "mode": "managed",
      "type": "aws_security_group_rule",
      "name": "egress_rules",
      "each": "list",
      "provider": "module.eks.module.eks.provider.aws",
      "instances": [
        {
          "index_key": 0,
          "schema_version": 2,
          "attributes": {
            "cidr_blocks": [
              "0.0.0.0/0"
            ],
            "description": "All protocols",
            "from_port": 0,
            "id": "sgrule-119105634",
            "ipv6_cidr_blocks": [
              "::/0"
            ],
            "prefix_list_ids": [],
            "protocol": "-1",
            "security_group_id": "sg-0b8daa9029c658d1f",
            "self": false,
            "source_security_group_id": null,
            "to_port": 0,
            "type": "egress"
          },
          "private": "eyJzY2hlbWFfdmVyc2lvbiI6IjIifQ==",
          "dependencies": [
            "module.eks.module.eks.module.node-sg.aws_security_group.this",
            "module.eks.module.eks.module.node-sg.aws_security_group.this_name_prefix",
            "module.eks.module.eks.module.vpc.aws_vpc.this"
          ]
        }
      ]
    },
    {
      "module": "module.eks.module.eks.module.cluster-sg",
      "mode": "managed",
      "type": "aws_security_group_rule",
      "name": "egress_with_cidr_blocks",
      "each": "list",
      "provider": "module.eks.module.eks.provider.aws",
      "instances": []
    },
    {
      "module": "module.eks.module.eks.module.ssh_sg",
      "mode": "managed",
      "type": "aws_security_group_rule",
      "name": "egress_with_cidr_blocks",
      "each": "list",
      "provider": "module.eks.module.eks.provider.aws",
      "instances": []
    },
    {
      "module": "module.eks.module.eks.module.node-sg",
      "mode": "managed",
      "type": "aws_security_group_rule",
      "name": "egress_with_cidr_blocks",
      "each": "list",
      "provider": "module.eks.module.eks.provider.aws",
      "instances": []
    },
    {
      "module": "module.eks.module.eks.module.cluster-sg",
      "mode": "managed",
      "type": "aws_security_group_rule",
      "name": "egress_with_ipv6_cidr_blocks",
      "each": "list",
      "provider": "module.eks.module.eks.provider.aws",
      "instances": []
    },
    {
      "module": "module.eks.module.eks.module.ssh_sg",
      "mode": "managed",
      "type": "aws_security_group_rule",
      "name": "egress_with_ipv6_cidr_blocks",
      "each": "list",
      "provider": "module.eks.module.eks.provider.aws",
      "instances": []
    },
    {
      "module": "module.eks.module.eks.module.node-sg",
      "mode": "managed",
      "type": "aws_security_group_rule",
      "name": "egress_with_ipv6_cidr_blocks",
      "each": "list",
      "provider": "module.eks.module.eks.provider.aws",
      "instances": []
    },
    {
      "module": "module.eks.module.eks.module.cluster-sg",
      "mode": "managed",
      "type": "aws_security_group_rule",
      "name": "egress_with_self",
      "each": "list",
      "provider": "module.eks.module.eks.provider.aws",
      "instances": []
    },
    {
      "module": "module.eks.module.eks.module.ssh_sg",
      "mode": "managed",
      "type": "aws_security_group_rule",
      "name": "egress_with_self",
      "each": "list",
      "provider": "module.eks.module.eks.provider.aws",
      "instances": []
    },
    {
      "module": "module.eks.module.eks.module.node-sg",
      "mode": "managed",
      "type": "aws_security_group_rule",
      "name": "egress_with_self",
      "each": "list",
      "provider": "module.eks.module.eks.provider.aws",
      "instances": []
    },
    {
      "module": "module.eks.module.eks.module.cluster-sg",
      "mode": "managed",
      "type": "aws_security_group_rule",
      "name": "egress_with_source_security_group_id",
      "each": "list",
      "provider": "module.eks.module.eks.provider.aws",
      "instances": []
    },
    {
      "module": "module.eks.module.eks.module.ssh_sg",
      "mode": "managed",
      "type": "aws_security_group_rule",
      "name": "egress_with_source_security_group_id",
      "each": "list",
      "provider": "module.eks.module.eks.provider.aws",
      "instances": []
    },
    {
      "module": "module.eks.module.eks.module.node-sg",
      "mode": "managed",
      "type": "aws_security_group_rule",
      "name": "egress_with_source_security_group_id",
      "each": "list",
      "provider": "module.eks.module.eks.provider.aws",
      "instances": []
    },
    {
      "module": "module.eks.module.eks.module.cluster-sg",
      "mode": "managed",
      "type": "aws_security_group_rule",
      "name": "ingress_rules",
      "each": "list",
      "provider": "module.eks.module.eks.provider.aws",
      "instances": [
        {
          "index_key": 0,
          "schema_version": 2,
          "attributes": {
            "cidr_blocks": [
              "0.0.0.0/0"
            ],
            "description": "SSH",
            "from_port": 22,
            "id": "sgrule-2528437763",
            "ipv6_cidr_blocks": [],
            "prefix_list_ids": [],
            "protocol": "tcp",
            "security_group_id": "sg-007a47fc8ffd7a5a4",
            "self": false,
            "source_security_group_id": null,
            "to_port": 22,
            "type": "ingress"
          },
          "private": "eyJzY2hlbWFfdmVyc2lvbiI6IjIifQ==",
          "dependencies": [
            "module.eks.module.eks.module.cluster-sg.aws_security_group.this",
            "module.eks.module.eks.module.cluster-sg.aws_security_group.this_name_prefix"
          ]
        }
      ]
    },
    {
      "module": "module.eks.module.eks.module.ssh_sg",
      "mode": "managed",
      "type": "aws_security_group_rule",
      "name": "ingress_rules",
      "each": "list",
      "provider": "module.eks.module.eks.provider.aws",
      "instances": [
        {
          "index_key": 0,
          "schema_version": 2,
          "attributes": {
            "cidr_blocks": [
              "197.210.0.0/16"
            ],
            "description": "SSH",
            "from_port": 22,
            "id": "sgrule-3293656357",
            "ipv6_cidr_blocks": [],
            "prefix_list_ids": [],
            "protocol": "tcp",
            "security_group_id": "sg-0631ae54bf605201e",
            "self": false,
            "source_security_group_id": null,
            "to_port": 22,
            "type": "ingress"
          },
          "private": "eyJzY2hlbWFfdmVyc2lvbiI6IjIifQ==",
          "dependencies": [
            "module.eks.module.eks.module.ssh_sg.aws_security_group.this",
            "module.eks.module.eks.module.ssh_sg.aws_security_group.this_name_prefix",
            "module.eks.module.eks.module.vpc.aws_vpc.this"
          ]
        }
      ]
    },
    {
      "module": "module.eks.module.eks.module.node-sg",
      "mode": "managed",
      "type": "aws_security_group_rule",
      "name": "ingress_rules",
      "each": "list",
      "provider": "module.eks.module.eks.provider.aws",
      "instances": []
    },
    {
      "module": "module.eks.module.eks.module.cluster-sg",
      "mode": "managed",
      "type": "aws_security_group_rule",
      "name": "ingress_with_cidr_blocks",
      "each": "list",
      "provider": "module.eks.module.eks.provider.aws",
      "instances": []
    },
    {
      "module": "module.eks.module.eks.module.ssh_sg",
      "mode": "managed",
      "type": "aws_security_group_rule",
      "name": "ingress_with_cidr_blocks",
      "each": "list",
      "provider": "module.eks.module.eks.provider.aws",
      "instances": []
    },
    {
      "module": "module.eks.module.eks.module.node-sg",
      "mode": "managed",
      "type": "aws_security_group_rule",
      "name": "ingress_with_cidr_blocks",
      "each": "list",
      "provider": "module.eks.module.eks.provider.aws",
      "instances": []
    },
    {
      "module": "module.eks.module.eks.module.cluster-sg",
      "mode": "managed",
      "type": "aws_security_group_rule",
      "name": "ingress_with_ipv6_cidr_blocks",
      "each": "list",
      "provider": "module.eks.module.eks.provider.aws",
      "instances": []
    },
    {
      "module": "module.eks.module.eks.module.ssh_sg",
      "mode": "managed",
      "type": "aws_security_group_rule",
      "name": "ingress_with_ipv6_cidr_blocks",
      "each": "list",
      "provider": "module.eks.module.eks.provider.aws",
      "instances": []
    },
    {
      "module": "module.eks.module.eks.module.node-sg",
      "mode": "managed",
      "type": "aws_security_group_rule",
      "name": "ingress_with_ipv6_cidr_blocks",
      "each": "list",
      "provider": "module.eks.module.eks.provider.aws",
      "instances": []
    },
    {
      "module": "module.eks.module.eks.module.cluster-sg",
      "mode": "managed",
      "type": "aws_security_group_rule",
      "name": "ingress_with_self",
      "each": "list",
      "provider": "module.eks.module.eks.provider.aws",
      "instances": []
    },
    {
      "module": "module.eks.module.eks.module.ssh_sg",
      "mode": "managed",
      "type": "aws_security_group_rule",
      "name": "ingress_with_self",
      "each": "list",
      "provider": "module.eks.module.eks.provider.aws",
      "instances": []
    },
    {
      "module": "module.eks.module.eks.module.node-sg",
      "mode": "managed",
      "type": "aws_security_group_rule",
      "name": "ingress_with_self",
      "each": "list",
      "provider": "module.eks.module.eks.provider.aws",
      "instances": [
        {
          "index_key": 0,
          "schema_version": 2,
          "attributes": {
            "cidr_blocks": [],
            "description": "Ingress Rule",
            "from_port": 0,
            "id": "sgrule-2101745647",
            "ipv6_cidr_blocks": [],
            "prefix_list_ids": [],
            "protocol": "-1",
            "security_group_id": "sg-0b8daa9029c658d1f",
            "self": true,
            "source_security_group_id": "sg-0b8daa9029c658d1f",
            "to_port": 0,
            "type": "ingress"
          },
          "private": "eyJzY2hlbWFfdmVyc2lvbiI6IjIifQ==",
          "dependencies": [
            "module.eks.module.eks.module.node-sg.aws_security_group.this",
            "module.eks.module.eks.module.node-sg.aws_security_group.this_name_prefix",
            "module.eks.module.eks.module.vpc.aws_vpc.this"
          ]
        }
      ]
    },
    {
      "module": "module.eks.module.eks.module.cluster-sg",
      "mode": "managed",
      "type": "aws_security_group_rule",
      "name": "ingress_with_source_security_group_id",
      "each": "list",
      "provider": "module.eks.module.eks.provider.aws",
      "instances": []
    },
    {
      "module": "module.eks.module.eks.module.ssh_sg",
      "mode": "managed",
      "type": "aws_security_group_rule",
      "name": "ingress_with_source_security_group_id",
      "each": "list",
      "provider": "module.eks.module.eks.provider.aws",
      "instances": []
    },
    {
      "module": "module.eks.module.eks.module.node-sg",
      "mode": "managed",
      "type": "aws_security_group_rule",
      "name": "ingress_with_source_security_group_id",
      "each": "list",
      "provider": "module.eks.module.eks.provider.aws",
      "instances": []
    },
    {
      "module": "module.eks.module.eks",
      "mode": "managed",
      "type": "aws_security_group_rule",
      "name": "node-bastian",
      "provider": "module.eks.module.eks.provider.aws",
      "instances": [
        {
          "schema_version": 2,
          "attributes": {
            "cidr_blocks": [],
            "description": "Accept traffic from load balancer security group",
            "from_port": 0,
            "id": "sgrule-3307149581",
            "ipv6_cidr_blocks": [],
            "prefix_list_ids": [],
            "protocol": "-1",
            "security_group_id": "sg-0b8daa9029c658d1f",
            "self": false,
            "source_security_group_id": "sg-0631ae54bf605201e",
            "to_port": 0,
            "type": "ingress"
          },
          "private": "eyJzY2hlbWFfdmVyc2lvbiI6IjIifQ==",
          "dependencies": [
            "module.eks.module.eks.module.node-sg.aws_security_group.this",
            "module.eks.module.eks.module.node-sg.aws_security_group.this_name_prefix",
            "module.eks.module.eks.module.ssh_sg.aws_security_group.this",
            "module.eks.module.eks.module.ssh_sg.aws_security_group.this_name_prefix",
            "module.eks.module.eks.module.vpc.aws_vpc.this"
          ]
        }
      ]
    },
    {
      "module": "module.eks.module.eks.module.vpc",
      "mode": "managed",
      "type": "aws_subnet",
      "name": "database",
      "each": "list",
      "provider": "module.eks.module.eks.provider.aws",
      "instances": [
        {
          "index_key": 0,
          "schema_version": 1,
          "attributes": {
            "arn": "arn:aws:ec2:eu-west-1:060948813048:subnet/subnet-01ac527a2fa7cb593",
            "assign_ipv6_address_on_creation": false,
            "availability_zone": "eu-west-1a",
            "availability_zone_id": "euw1-az2",
            "cidr_block": "10.0.192.0/21",
            "id": "subnet-01ac527a2fa7cb593",
            "ipv6_cidr_block": "",
            "ipv6_cidr_block_association_id": "",
            "map_public_ip_on_launch": false,
            "owner_id": "060948813048",
            "tags": {
              "Name": "my-cluster-eks-db",
              "kubernetes.io/cluster/my-cluster": "shared",
              "sre_candidate": "tochukwu.nwoko"
            },
            "timeouts": null,
            "vpc_id": "vpc-078c29fedcea3f071"
          },
          "private": "eyJlMmJmYjczMC1lY2FhLTExZTYtOGY4OC0zNDM2M2JjN2M0YzAiOnsiY3JlYXRlIjo2MDAwMDAwMDAwMDAsImRlbGV0ZSI6MTIwMDAwMDAwMDAwMH0sInNjaGVtYV92ZXJzaW9uIjoiMSJ9",
          "dependencies": [
            "module.eks.module.eks.module.vpc.aws_vpc.this",
            "module.eks.module.eks.module.vpc.aws_vpc_ipv4_cidr_block_association.this"
          ]
        },
        {
          "index_key": 1,
          "schema_version": 1,
          "attributes": {
            "arn": "arn:aws:ec2:eu-west-1:060948813048:subnet/subnet-019ff8f01b567fdfd",
            "assign_ipv6_address_on_creation": false,
            "availability_zone": "eu-west-1b",
            "availability_zone_id": "euw1-az3",
            "cidr_block": "10.0.200.0/21",
            "id": "subnet-019ff8f01b567fdfd",
            "ipv6_cidr_block": "",
            "ipv6_cidr_block_association_id": "",
            "map_public_ip_on_launch": false,
            "owner_id": "060948813048",
            "tags": {
              "Name": "my-cluster-eks-db",
              "kubernetes.io/cluster/my-cluster": "shared",
              "sre_candidate": "tochukwu.nwoko"
            },
            "timeouts": null,
            "vpc_id": "vpc-078c29fedcea3f071"
          },
          "private": "eyJlMmJmYjczMC1lY2FhLTExZTYtOGY4OC0zNDM2M2JjN2M0YzAiOnsiY3JlYXRlIjo2MDAwMDAwMDAwMDAsImRlbGV0ZSI6MTIwMDAwMDAwMDAwMH0sInNjaGVtYV92ZXJzaW9uIjoiMSJ9",
          "dependencies": [
            "module.eks.module.eks.module.vpc.aws_vpc.this",
            "module.eks.module.eks.module.vpc.aws_vpc_ipv4_cidr_block_association.this"
          ]
        },
        {
          "index_key": 2,
          "schema_version": 1,
          "attributes": {
            "arn": "arn:aws:ec2:eu-west-1:060948813048:subnet/subnet-0dab626f3fd6441d9",
            "assign_ipv6_address_on_creation": false,
            "availability_zone": "eu-west-1c",
            "availability_zone_id": "euw1-az1",
            "cidr_block": "10.0.208.0/21",
            "id": "subnet-0dab626f3fd6441d9",
            "ipv6_cidr_block": "",
            "ipv6_cidr_block_association_id": "",
            "map_public_ip_on_launch": false,
            "owner_id": "060948813048",
            "tags": {
              "Name": "my-cluster-eks-db",
              "kubernetes.io/cluster/my-cluster": "shared",
              "sre_candidate": "tochukwu.nwoko"
            },
            "timeouts": null,
            "vpc_id": "vpc-078c29fedcea3f071"
          },
          "private": "eyJlMmJmYjczMC1lY2FhLTExZTYtOGY4OC0zNDM2M2JjN2M0YzAiOnsiY3JlYXRlIjo2MDAwMDAwMDAwMDAsImRlbGV0ZSI6MTIwMDAwMDAwMDAwMH0sInNjaGVtYV92ZXJzaW9uIjoiMSJ9",
          "dependencies": [
            "module.eks.module.eks.module.vpc.aws_vpc.this",
            "module.eks.module.eks.module.vpc.aws_vpc_ipv4_cidr_block_association.this"
          ]
        }
      ]
    },
    {
      "module": "module.eks.module.eks.module.vpc",
      "mode": "managed",
      "type": "aws_subnet",
      "name": "elasticache",
      "each": "list",
      "provider": "module.eks.module.eks.provider.aws",
      "instances": []
    },
    {
      "module": "module.eks.module.eks.module.vpc",
      "mode": "managed",
      "type": "aws_subnet",
      "name": "intra",
      "each": "list",
      "provider": "module.eks.module.eks.provider.aws",
      "instances": []
    },
    {
      "module": "module.eks.module.eks.module.vpc",
      "mode": "managed",
      "type": "aws_subnet",
      "name": "private",
      "each": "list",
      "provider": "module.eks.module.eks.provider.aws",
      "instances": [
        {
          "index_key": 0,
          "schema_version": 1,
          "attributes": {
            "arn": "arn:aws:ec2:eu-west-1:060948813048:subnet/subnet-0e299d7e09c50065f",
            "assign_ipv6_address_on_creation": false,
            "availability_zone": "eu-west-1a",
            "availability_zone_id": "euw1-az2",
            "cidr_block": "10.0.0.0/19",
            "id": "subnet-0e299d7e09c50065f",
            "ipv6_cidr_block": "",
            "ipv6_cidr_block_association_id": "",
            "map_public_ip_on_launch": false,
            "owner_id": "060948813048",
            "tags": {
              "Name": "my-cluster-eks-private",
              "kubernetes.io/cluster/my-cluster": "shared",
              "kubernetes.io/role/internal-elb": "1",
              "sre_candidate": "tochukwu.nwoko"
            },
            "timeouts": null,
            "vpc_id": "vpc-078c29fedcea3f071"
          },
          "private": "eyJlMmJmYjczMC1lY2FhLTExZTYtOGY4OC0zNDM2M2JjN2M0YzAiOnsiY3JlYXRlIjo2MDAwMDAwMDAwMDAsImRlbGV0ZSI6MTIwMDAwMDAwMDAwMH0sInNjaGVtYV92ZXJzaW9uIjoiMSJ9",
          "dependencies": [
            "module.eks.module.eks.module.vpc.aws_vpc.this",
            "module.eks.module.eks.module.vpc.aws_vpc_ipv4_cidr_block_association.this"
          ]
        },
        {
          "index_key": 1,
          "schema_version": 1,
          "attributes": {
            "arn": "arn:aws:ec2:eu-west-1:060948813048:subnet/subnet-0c696af793062237a",
            "assign_ipv6_address_on_creation": false,
            "availability_zone": "eu-west-1b",
            "availability_zone_id": "euw1-az3",
            "cidr_block": "10.0.32.0/19",
            "id": "subnet-0c696af793062237a",
            "ipv6_cidr_block": "",
            "ipv6_cidr_block_association_id": "",
            "map_public_ip_on_launch": false,
            "owner_id": "060948813048",
            "tags": {
              "Name": "my-cluster-eks-private",
              "kubernetes.io/cluster/my-cluster": "shared",
              "kubernetes.io/role/internal-elb": "1",
              "sre_candidate": "tochukwu.nwoko"
            },
            "timeouts": null,
            "vpc_id": "vpc-078c29fedcea3f071"
          },
          "private": "eyJlMmJmYjczMC1lY2FhLTExZTYtOGY4OC0zNDM2M2JjN2M0YzAiOnsiY3JlYXRlIjo2MDAwMDAwMDAwMDAsImRlbGV0ZSI6MTIwMDAwMDAwMDAwMH0sInNjaGVtYV92ZXJzaW9uIjoiMSJ9",
          "dependencies": [
            "module.eks.module.eks.module.vpc.aws_vpc.this",
            "module.eks.module.eks.module.vpc.aws_vpc_ipv4_cidr_block_association.this"
          ]
        },
        {
          "index_key": 2,
          "schema_version": 1,
          "attributes": {
            "arn": "arn:aws:ec2:eu-west-1:060948813048:subnet/subnet-0baea8eb7f5d37d5d",
            "assign_ipv6_address_on_creation": false,
            "availability_zone": "eu-west-1c",
            "availability_zone_id": "euw1-az1",
            "cidr_block": "10.0.64.0/19",
            "id": "subnet-0baea8eb7f5d37d5d",
            "ipv6_cidr_block": "",
            "ipv6_cidr_block_association_id": "",
            "map_public_ip_on_launch": false,
            "owner_id": "060948813048",
            "tags": {
              "Name": "my-cluster-eks-private",
              "kubernetes.io/cluster/my-cluster": "shared",
              "kubernetes.io/role/internal-elb": "1",
              "sre_candidate": "tochukwu.nwoko"
            },
            "timeouts": null,
            "vpc_id": "vpc-078c29fedcea3f071"
          },
          "private": "eyJlMmJmYjczMC1lY2FhLTExZTYtOGY4OC0zNDM2M2JjN2M0YzAiOnsiY3JlYXRlIjo2MDAwMDAwMDAwMDAsImRlbGV0ZSI6MTIwMDAwMDAwMDAwMH0sInNjaGVtYV92ZXJzaW9uIjoiMSJ9",
          "dependencies": [
            "module.eks.module.eks.module.vpc.aws_vpc.this",
            "module.eks.module.eks.module.vpc.aws_vpc_ipv4_cidr_block_association.this"
          ]
        }
      ]
    },
    {
      "module": "module.eks.module.eks.module.vpc",
      "mode": "managed",
      "type": "aws_subnet",
      "name": "public",
      "each": "list",
      "provider": "module.eks.module.eks.provider.aws",
      "instances": [
        {
          "index_key": 0,
          "schema_version": 1,
          "attributes": {
            "arn": "arn:aws:ec2:eu-west-1:060948813048:subnet/subnet-0024412d4906323fd",
            "assign_ipv6_address_on_creation": false,
            "availability_zone": "eu-west-1a",
            "availability_zone_id": "euw1-az2",
            "cidr_block": "10.0.128.0/20",
            "id": "subnet-0024412d4906323fd",
            "ipv6_cidr_block": "",
            "ipv6_cidr_block_association_id": "",
            "map_public_ip_on_launch": true,
            "owner_id": "060948813048",
            "tags": {
              "Name": "my-cluster-eks-public",
              "kubernetes.io/cluster/my-cluster": "shared",
              "kubernetes.io/role/elb": "1",
              "sre_candidate": "tochukwu.nwoko"
            },
            "timeouts": null,
            "vpc_id": "vpc-078c29fedcea3f071"
          },
          "private": "eyJlMmJmYjczMC1lY2FhLTExZTYtOGY4OC0zNDM2M2JjN2M0YzAiOnsiY3JlYXRlIjo2MDAwMDAwMDAwMDAsImRlbGV0ZSI6MTIwMDAwMDAwMDAwMH0sInNjaGVtYV92ZXJzaW9uIjoiMSJ9",
          "dependencies": [
            "module.eks.module.eks.module.vpc.aws_vpc.this",
            "module.eks.module.eks.module.vpc.aws_vpc_ipv4_cidr_block_association.this"
          ]
        },
        {
          "index_key": 1,
          "schema_version": 1,
          "attributes": {
            "arn": "arn:aws:ec2:eu-west-1:060948813048:subnet/subnet-0c804e5973013f42f",
            "assign_ipv6_address_on_creation": false,
            "availability_zone": "eu-west-1b",
            "availability_zone_id": "euw1-az3",
            "cidr_block": "10.0.144.0/20",
            "id": "subnet-0c804e5973013f42f",
            "ipv6_cidr_block": "",
            "ipv6_cidr_block_association_id": "",
            "map_public_ip_on_launch": true,
            "owner_id": "060948813048",
            "tags": {
              "Name": "my-cluster-eks-public",
              "kubernetes.io/cluster/my-cluster": "shared",
              "kubernetes.io/role/elb": "1",
              "sre_candidate": "tochukwu.nwoko"
            },
            "timeouts": null,
            "vpc_id": "vpc-078c29fedcea3f071"
          },
          "private": "eyJlMmJmYjczMC1lY2FhLTExZTYtOGY4OC0zNDM2M2JjN2M0YzAiOnsiY3JlYXRlIjo2MDAwMDAwMDAwMDAsImRlbGV0ZSI6MTIwMDAwMDAwMDAwMH0sInNjaGVtYV92ZXJzaW9uIjoiMSJ9",
          "dependencies": [
            "module.eks.module.eks.module.vpc.aws_vpc.this",
            "module.eks.module.eks.module.vpc.aws_vpc_ipv4_cidr_block_association.this"
          ]
        },
        {
          "index_key": 2,
          "schema_version": 1,
          "attributes": {
            "arn": "arn:aws:ec2:eu-west-1:060948813048:subnet/subnet-0f4289557786fe922",
            "assign_ipv6_address_on_creation": false,
            "availability_zone": "eu-west-1c",
            "availability_zone_id": "euw1-az1",
            "cidr_block": "10.0.160.0/20",
            "id": "subnet-0f4289557786fe922",
            "ipv6_cidr_block": "",
            "ipv6_cidr_block_association_id": "",
            "map_public_ip_on_launch": true,
            "owner_id": "060948813048",
            "tags": {
              "Name": "my-cluster-eks-public",
              "kubernetes.io/cluster/my-cluster": "shared",
              "kubernetes.io/role/elb": "1",
              "sre_candidate": "tochukwu.nwoko"
            },
            "timeouts": null,
            "vpc_id": "vpc-078c29fedcea3f071"
          },
          "private": "eyJlMmJmYjczMC1lY2FhLTExZTYtOGY4OC0zNDM2M2JjN2M0YzAiOnsiY3JlYXRlIjo2MDAwMDAwMDAwMDAsImRlbGV0ZSI6MTIwMDAwMDAwMDAwMH0sInNjaGVtYV92ZXJzaW9uIjoiMSJ9",
          "dependencies": [
            "module.eks.module.eks.module.vpc.aws_vpc.this",
            "module.eks.module.eks.module.vpc.aws_vpc_ipv4_cidr_block_association.this"
          ]
        }
      ]
    },
    {
      "module": "module.eks.module.eks.module.vpc",
      "mode": "managed",
      "type": "aws_subnet",
      "name": "redshift",
      "each": "list",
      "provider": "module.eks.module.eks.provider.aws",
      "instances": []
    },
    {
      "module": "module.eks.module.eks.module.vpc",
      "mode": "managed",
      "type": "aws_vpc",
      "name": "this",
      "each": "list",
      "provider": "module.eks.module.eks.provider.aws",
      "instances": [
        {
          "index_key": 0,
          "schema_version": 1,
          "attributes": {
            "arn": "arn:aws:ec2:eu-west-1:060948813048:vpc/vpc-078c29fedcea3f071",
            "assign_generated_ipv6_cidr_block": false,
            "cidr_block": "10.0.0.0/16",
            "default_network_acl_id": "acl-069f10be7ed798fcb",
            "default_route_table_id": "rtb-02bffa441a82fd709",
            "default_security_group_id": "sg-00330d4c41784322e",
            "dhcp_options_id": "dopt-88cd96ed",
            "enable_classiclink": false,
            "enable_classiclink_dns_support": false,
            "enable_dns_hostnames": true,
            "enable_dns_support": true,
            "id": "vpc-078c29fedcea3f071",
            "instance_tenancy": "default",
            "ipv6_association_id": "",
            "ipv6_cidr_block": "",
            "main_route_table_id": "rtb-02bffa441a82fd709",
            "owner_id": "060948813048",
            "tags": {
              "Name": "my-cluster-vpc",
              "kubernetes.io/cluster/my-cluster": "shared",
              "sre_candidate": "tochukwu.nwoko"
            }
          },
          "private": "eyJzY2hlbWFfdmVyc2lvbiI6IjEifQ=="
        }
      ]
    },
    {
      "module": "module.eks.module.eks.module.vpc",
      "mode": "managed",
      "type": "aws_vpc_dhcp_options",
      "name": "this",
      "each": "list",
      "provider": "module.eks.module.eks.provider.aws",
      "instances": []
    },
    {
      "module": "module.eks.module.eks.module.vpc",
      "mode": "managed",
      "type": "aws_vpc_dhcp_options_association",
      "name": "this",
      "each": "list",
      "provider": "module.eks.module.eks.provider.aws",
      "instances": []
    },
    {
      "module": "module.eks.module.eks.module.vpc",
      "mode": "managed",
      "type": "aws_vpc_endpoint",
      "name": "apigw",
      "each": "list",
      "provider": "module.eks.module.eks.provider.aws",
      "instances": []
    },
    {
      "module": "module.eks.module.eks.module.vpc",
      "mode": "managed",
      "type": "aws_vpc_endpoint",
      "name": "cloudtrail",
      "each": "list",
      "provider": "module.eks.module.eks.provider.aws",
      "instances": []
    },
    {
      "module": "module.eks.module.eks.module.vpc",
      "mode": "managed",
      "type": "aws_vpc_endpoint",
      "name": "dynamodb",
      "each": "list",
      "provider": "module.eks.module.eks.provider.aws",
      "instances": []
    },
    {
      "module": "module.eks.module.eks.module.vpc",
      "mode": "managed",
      "type": "aws_vpc_endpoint",
      "name": "ec2",
      "each": "list",
      "provider": "module.eks.module.eks.provider.aws",
      "instances": []
    },
    {
      "module": "module.eks.module.eks.module.vpc",
      "mode": "managed",
      "type": "aws_vpc_endpoint",
      "name": "ec2messages",
      "each": "list",
      "provider": "module.eks.module.eks.provider.aws",
      "instances": []
    },
    {
      "module": "module.eks.module.eks.module.vpc",
      "mode": "managed",
      "type": "aws_vpc_endpoint",
      "name": "ecr_api",
      "each": "list",
      "provider": "module.eks.module.eks.provider.aws",
      "instances": []
    },
    {
      "module": "module.eks.module.eks.module.vpc",
      "mode": "managed",
      "type": "aws_vpc_endpoint",
      "name": "ecr_dkr",
      "each": "list",
      "provider": "module.eks.module.eks.provider.aws",
      "instances": []
    },
    {
      "module": "module.eks.module.eks.module.vpc",
      "mode": "managed",
      "type": "aws_vpc_endpoint",
      "name": "ecs",
      "each": "list",
      "provider": "module.eks.module.eks.provider.aws",
      "instances": []
    },
    {
      "module": "module.eks.module.eks.module.vpc",
      "mode": "managed",
      "type": "aws_vpc_endpoint",
      "name": "ecs_agent",
      "each": "list",
      "provider": "module.eks.module.eks.provider.aws",
      "instances": []
    },
    {
      "module": "module.eks.module.eks.module.vpc",
      "mode": "managed",
      "type": "aws_vpc_endpoint",
      "name": "ecs_telemetry",
      "each": "list",
      "provider": "module.eks.module.eks.provider.aws",
      "instances": []
    },
    {
      "module": "module.eks.module.eks.module.vpc",
      "mode": "managed",
      "type": "aws_vpc_endpoint",
      "name": "elasticloadbalancing",
      "each": "list",
      "provider": "module.eks.module.eks.provider.aws",
      "instances": []
    },
    {
      "module": "module.eks.module.eks.module.vpc",
      "mode": "managed",
      "type": "aws_vpc_endpoint",
      "name": "events",
      "each": "list",
      "provider": "module.eks.module.eks.provider.aws",
      "instances": []
    },
    {
      "module": "module.eks.module.eks.module.vpc",
      "mode": "managed",
      "type": "aws_vpc_endpoint",
      "name": "kms",
      "each": "list",
      "provider": "module.eks.module.eks.provider.aws",
      "instances": []
    },
    {
      "module": "module.eks.module.eks.module.vpc",
      "mode": "managed",
      "type": "aws_vpc_endpoint",
      "name": "logs",
      "each": "list",
      "provider": "module.eks.module.eks.provider.aws",
      "instances": []
    },
    {
      "module": "module.eks.module.eks.module.vpc",
      "mode": "managed",
      "type": "aws_vpc_endpoint",
      "name": "monitoring",
      "each": "list",
      "provider": "module.eks.module.eks.provider.aws",
      "instances": []
    },
    {
      "module": "module.eks.module.eks.module.vpc",
      "mode": "managed",
      "type": "aws_vpc_endpoint",
      "name": "s3",
      "each": "list",
      "provider": "module.eks.module.eks.provider.aws",
      "instances": []
    },
    {
      "module": "module.eks.module.eks.module.vpc",
      "mode": "managed",
      "type": "aws_vpc_endpoint",
      "name": "sns",
      "each": "list",
      "provider": "module.eks.module.eks.provider.aws",
      "instances": []
    },
    {
      "module": "module.eks.module.eks.module.vpc",
      "mode": "managed",
      "type": "aws_vpc_endpoint",
      "name": "sqs",
      "each": "list",
      "provider": "module.eks.module.eks.provider.aws",
      "instances": []
    },
    {
      "module": "module.eks.module.eks.module.vpc",
      "mode": "managed",
      "type": "aws_vpc_endpoint",
      "name": "ssm",
      "each": "list",
      "provider": "module.eks.module.eks.provider.aws",
      "instances": []
    },
    {
      "module": "module.eks.module.eks.module.vpc",
      "mode": "managed",
      "type": "aws_vpc_endpoint",
      "name": "ssmmessages",
      "each": "list",
      "provider": "module.eks.module.eks.provider.aws",
      "instances": []
    },
    {
      "module": "module.eks.module.eks.module.vpc",
      "mode": "managed",
      "type": "aws_vpc_endpoint_route_table_association",
      "name": "intra_dynamodb",
      "each": "list",
      "provider": "module.eks.module.eks.provider.aws",
      "instances": []
    },
    {
      "module": "module.eks.module.eks.module.vpc",
      "mode": "managed",
      "type": "aws_vpc_endpoint_route_table_association",
      "name": "intra_s3",
      "each": "list",
      "provider": "module.eks.module.eks.provider.aws",
      "instances": []
    },
    {
      "module": "module.eks.module.eks.module.vpc",
      "mode": "managed",
      "type": "aws_vpc_endpoint_route_table_association",
      "name": "private_dynamodb",
      "each": "list",
      "provider": "module.eks.module.eks.provider.aws",
      "instances": []
    },
    {
      "module": "module.eks.module.eks.module.vpc",
      "mode": "managed",
      "type": "aws_vpc_endpoint_route_table_association",
      "name": "private_s3",
      "each": "list",
      "provider": "module.eks.module.eks.provider.aws",
      "instances": []
    },
    {
      "module": "module.eks.module.eks.module.vpc",
      "mode": "managed",
      "type": "aws_vpc_endpoint_route_table_association",
      "name": "public_dynamodb",
      "each": "list",
      "provider": "module.eks.module.eks.provider.aws",
      "instances": []
    },
    {
      "module": "module.eks.module.eks.module.vpc",
      "mode": "managed",
      "type": "aws_vpc_endpoint_route_table_association",
      "name": "public_s3",
      "each": "list",
      "provider": "module.eks.module.eks.provider.aws",
      "instances": []
    },
    {
      "module": "module.eks.module.eks.module.vpc",
      "mode": "managed",
      "type": "aws_vpc_ipv4_cidr_block_association",
      "name": "this",
      "each": "list",
      "provider": "module.eks.module.eks.provider.aws",
      "instances": []
    },
    {
      "module": "module.eks.module.eks.module.vpc",
      "mode": "managed",
      "type": "aws_vpn_gateway",
      "name": "this",
      "each": "list",
      "provider": "module.eks.module.eks.provider.aws",
      "instances": []
    },
    {
      "module": "module.eks.module.eks.module.vpc",
      "mode": "managed",
      "type": "aws_vpn_gateway_attachment",
      "name": "this",
      "each": "list",
      "provider": "module.eks.module.eks.provider.aws",
      "instances": []
    },
    {
      "module": "module.eks.module.eks.module.vpc",
      "mode": "managed",
      "type": "aws_vpn_gateway_route_propagation",
      "name": "private",
      "each": "list",
      "provider": "module.eks.module.eks.provider.aws",
      "instances": []
    },
    {
      "module": "module.eks.module.eks.module.vpc",
      "mode": "managed",
      "type": "aws_vpn_gateway_route_propagation",
      "name": "public",
      "each": "list",
      "provider": "module.eks.module.eks.provider.aws",
      "instances": []
    },
    {
      "module": "module.eks.module.eks.module.public-eks-nodes-asg",
      "mode": "managed",
      "type": "null_resource",
      "name": "tags_as_list_of_maps",
      "each": "list",
      "provider": "provider.null",
      "instances": []
    },
    {
      "module": "module.eks.module.eks.module.eks-nodes-asg",
      "mode": "managed",
      "type": "null_resource",
      "name": "tags_as_list_of_maps",
      "each": "list",
      "provider": "provider.null",
      "instances": []
    },
    {
      "module": "module.eks.module.eks.module.bastion-asg",
      "mode": "managed",
      "type": "null_resource",
      "name": "tags_as_list_of_maps",
      "each": "list",
      "provider": "provider.null",
      "instances": []
    },
    {
      "module": "module.eks.module.eks.module.public-eks-nodes-asg",
      "mode": "managed",
      "type": "random_pet",
      "name": "asg_name",
      "each": "list",
      "provider": "provider.random",
      "instances": [
        {
          "index_key": 0,
          "schema_version": 0,
          "attributes": {
            "id": "engaged-crawdad",
            "keepers": {
              "lc_name": "my-cluster-node-public-lc-2020011206185774780000000b"
            },
            "length": 2,
            "prefix": null,
            "separator": "-"
          },
          "private": "bnVsbA==",
          "dependencies": [
            "module.eks.module.eks.aws_eks_cluster.eks",
            "module.eks.module.eks.aws_iam_instance_profile.node",
            "module.eks.module.eks.aws_iam_role.cluster",
            "module.eks.module.eks.aws_iam_role.node",
            "module.eks.module.eks.aws_iam_role_policy_attachment.cluster-AmazonEKSClusterPolicy",
            "module.eks.module.eks.aws_iam_role_policy_attachment.cluster-AmazonEKSServicePolicy",
            "module.eks.module.eks.aws_key_pair.deployer",
            "module.eks.module.eks.module.cluster-sg.aws_security_group.this",
            "module.eks.module.eks.module.cluster-sg.aws_security_group.this_name_prefix",
            "module.eks.module.eks.module.node-sg.aws_security_group.this",
            "module.eks.module.eks.module.node-sg.aws_security_group.this_name_prefix",
            "module.eks.module.eks.module.public-eks-nodes-asg.aws_launch_configuration.this",
            "module.eks.module.eks.module.vpc.aws_vpc.this"
          ]
        }
      ]
    },
    {
      "module": "module.eks.module.eks.module.eks-nodes-asg",
      "mode": "managed",
      "type": "random_pet",
      "name": "asg_name",
      "each": "list",
      "provider": "provider.random",
      "instances": [
        {
          "index_key": 0,
          "schema_version": 0,
          "attributes": {
            "id": "assured-walrus",
            "keepers": {
              "lc_name": "my-cluster-node-lc-2020011206185775080000000c"
            },
            "length": 2,
            "prefix": null,
            "separator": "-"
          },
          "private": "bnVsbA==",
          "dependencies": [
            "module.eks.module.eks.aws_eks_cluster.eks",
            "module.eks.module.eks.aws_iam_instance_profile.node",
            "module.eks.module.eks.aws_iam_role.cluster",
            "module.eks.module.eks.aws_iam_role.node",
            "module.eks.module.eks.aws_iam_role_policy_attachment.cluster-AmazonEKSClusterPolicy",
            "module.eks.module.eks.aws_iam_role_policy_attachment.cluster-AmazonEKSServicePolicy",
            "module.eks.module.eks.aws_key_pair.deployer",
            "module.eks.module.eks.module.cluster-sg.aws_security_group.this",
            "module.eks.module.eks.module.cluster-sg.aws_security_group.this_name_prefix",
            "module.eks.module.eks.module.eks-nodes-asg.aws_launch_configuration.this",
            "module.eks.module.eks.module.node-sg.aws_security_group.this",
            "module.eks.module.eks.module.node-sg.aws_security_group.this_name_prefix",
            "module.eks.module.eks.module.vpc.aws_vpc.this"
          ]
        }
      ]
    },
    {
      "module": "module.eks.module.eks.module.bastion-asg",
      "mode": "managed",
      "type": "random_pet",
      "name": "asg_name",
      "each": "list",
      "provider": "provider.random",
      "instances": [
        {
          "index_key": 0,
          "schema_version": 0,
          "attributes": {
            "id": "engaging-meerkat",
            "keepers": {
              "lc_name": "my-cluster-bastion-lc-20200112060837322700000009"
            },
            "length": 2,
            "prefix": null,
            "separator": "-"
          },
          "private": "bnVsbA==",
          "dependencies": [
            "module.eks.module.eks.aws_key_pair.deployer",
            "module.eks.module.eks.module.bastion-asg.aws_launch_configuration.this",
            "module.eks.module.eks.module.ssh_sg.aws_security_group.this",
            "module.eks.module.eks.module.ssh_sg.aws_security_group.this_name_prefix",
            "module.eks.module.eks.module.vpc.aws_vpc.this"
          ]
        }
      ]
    }
  ]
}
